PODS:
  - Cartography (4.0.0)
  - LoginServiceKit (2.2.1)
  - MASShortcut (2.4.0)
  - Nimble (11.2.1)
  - Quick (6.1.0)
  - RxCocoa (6.5.0):
    - RxRelay (= 6.5.0)
    - RxSwift (= 6.5.0)
  - RxRelay (6.5.0):
    - RxSwift (= 6.5.0)
  - RxSwift (6.5.0)
  - RxSwiftExt (6.0.1):
    - RxSwiftExt/Core (= 6.0.1)
    - RxSwiftExt/RxCocoa (= 6.0.1)
  - RxSwiftExt/Core (6.0.1):
    - RxSwift (~> 6.0)
  - RxSwiftExt/RxCocoa (6.0.1):
    - RxCocoa (~> 6.0)
    - RxSwiftExt/Core
  - Silica (0.3.6)
  - Sparkle (2.3.1)
  - SwiftLint (0.50.3)
  - SwiftyBeaver (1.9.5)
  - SwiftyJSON (5.0.1)
  - Yams (5.0.0)

DEPENDENCIES:
  - Cartography
  - LoginServiceKit (from `https://github.com/Sunnyyoung/LoginServiceKit.git`)
  - MASShortcut
  - Nimble (~> 11.2.1)
  - Quick (~> 6.1.0)
  - RxCocoa
  - RxSwift
  - RxSwiftExt
  - Silica (from `https://github.com/ianyh/Silica`)
  - Sparkle
  - SwiftLint
  - SwiftyBeaver
  - SwiftyJSON
  - Yams

SPEC REPOS:
  trunk:
    - Cartography
    - MASShortcut
    - Nimble
    - Quick
    - RxCocoa
    - RxRelay
    - RxSwift
    - RxSwiftExt
    - Sparkle
    - SwiftLint
    - SwiftyBeaver
    - SwiftyJSON
    - Yams

EXTERNAL SOURCES:
  LoginServiceKit:
    :git: https://github.com/Sunnyyoung/LoginServiceKit.git
  Silica:
    :git: https://github.com/ianyh/Silica
    :submodules: true

CHECKOUT OPTIONS:
  LoginServiceKit:
    :commit: 04a1379908432bc4e304b38c831d573b1943b3fa
    :git: https://github.com/Sunnyyoung/LoginServiceKit.git
  Silica:
    :commit: 3b70f325aabf7e4067f0e947d3e1c44474ebf9cc
    :git: https://github.com/ianyh/Silica
    :submodules: true

SPEC CHECKSUMS:
  Cartography: c5626d29056b20f1e95c017326ee4df57cc39ad8
  LoginServiceKit: e39022a6ea6169b3716fc3c43e89b2e7fd12f222
  MASShortcut: d9e4909e878661cc42877cc9d6efbe638273ab57
  Nimble: 516ac503a0fafaa8e41dbb4a70a61be421fa893a
  Quick: 6676ffb409bf04abba2ff23902af2407bfc6ac90
  RxCocoa: 94f817b71c07517321eb4f9ad299112ca8af743b
  RxRelay: 1de1523e604c72b6c68feadedd1af3b1b4d0ecbd
  RxSwift: 5710a9e6b17f3c3d6e40d6e559b9fa1e813b2ef8
  RxSwiftExt: d61c4b9b06e0a448041b1c659e0f1b5c5a035afc
  Silica: ad202f871b26a24de7f1e39f28a98614b699f431
  Sparkle: d64df28df56d0b1f98e13653b31b106dbc856c72
  SwiftLint: 77f7cb2b9bb81ab4a12fcc86448ba3f11afa50c6
  SwiftyBeaver: 84069991dd5dca07d7069100985badaca7f0ce82
  SwiftyJSON: 2f33a42c6fbc52764d96f13368585094bfd8aa5e
  Yams: b5c3e188ceeb8321a9830b1d0e791ccea9af3201

PODFILE CHECKSUM: e9e4e5aa969b0a678a9cf0c3c3ea287c49d15838

COCOAPODS: 1.11.2
