{
  "pins" : [
    {
      "identity" : "cartography",
      "kind" : "remoteSourceControl",
      "location" : "https://github.com/robb/Cartography",
      "state" : {
        "revision" : "b75197ea134f42b5feafb04b526b37eb1a41034b",
        "version" : "4.0.0"
      }
    },
    {
      "identity" : "loginservicekit",
      "kind" : "remoteSourceControl",
      "location" : "https://github.com/Clipy/LoginServiceKit",
      "state" : {
        "branch" : "master",
        "revision" : "a8e68051aca8bbb702e62ab36006a301966ab053"
      }
    },
    {
      "identity" : "sparkle",
      "kind" : "remoteSourceControl",
      "location" : "https://github.com/sparkle-project/Sparkle",
      "state" : {
        "revision" : "87e4fcbac39912f9cdb9a9acf205cad60e1ca3bc",
        "version" : "2.4.2"
      }
    },
    {
      "identity" : "swift-argument-parser",
      "kind" : "remoteSourceControl",
      "location" : "https://github.com/apple/swift-argument-parser.git",
      "state" : {
        "revision" : "fee6933f37fde9a5e12a1e4aeaa93fe60116ff2a",
        "version" : "1.2.2"
      }
    },
    {
      "identity" : "swiftyjson",
      "kind" : "remoteSourceControl",
      "location" : "https://github.com/SwiftyJSON/SwiftyJSON",
      "state" : {
        "revision" : "b3dcd7dbd0d488e1a7077cb33b00f2083e382f07",
        "version" : "5.0.1"
      }
    },
    {
      "identity" : "yams",
      "kind" : "remoteSourceControl",
      "location" : "https://github.com/jpsim/Yams",
      "state" : {
        "revision" : "0d9ee7ea8c4ebd4a489ad7a73d5c6cad55d6fed3",
        "version" : "5.0.6"
      }
    }
  ],
  "version" : 2
}
