<?xml version="1.0" encoding="UTF-8"?>
<!DOCTYPE plist PUBLIC "-//Apple//DTD PLIST 1.0//EN" "http://www.apple.com/DTDs/PropertyList-1.0.dtd">
<plist version="1.0">
<dict>
	<key>archiveVersion</key>
	<string>1</string>
	<key>classes</key>
	<dict/>
	<key>objectVersion</key>
	<string>46</string>
	<key>objects</key>
	<dict>
		<key>00AFB0374CBA4EBAA0014687</key>
		<dict>
			<key>fileRef</key>
			<string>B0530B06777D42039F419322</string>
			<key>isa</key>
			<string>PBXBuildFile</string>
		</dict>
		<key>023D3F211856828C00391BEC</key>
		<dict>
			<key>fileEncoding</key>
			<string>4</string>
			<key>isa</key>
			<string>PBXFileReference</string>
			<key>lastKnownFileType</key>
			<string>sourcecode.c.h</string>
			<key>path</key>
			<string>AMFloatingLayout.h</string>
			<key>sourceTree</key>
			<string>&lt;group&gt;</string>
		</dict>
		<key>023D3F221856828C00391BEC</key>
		<dict>
			<key>fileEncoding</key>
			<string>4</string>
			<key>isa</key>
			<string>PBXFileReference</string>
			<key>lastKnownFileType</key>
			<string>sourcecode.c.objc</string>
			<key>path</key>
			<string>AMFloatingLayout.m</string>
			<key>sourceTree</key>
			<string>&lt;group&gt;</string>
		</dict>
		<key>023D3F231856828C00391BEC</key>
		<dict>
			<key>fileRef</key>
			<string>023D3F221856828C00391BEC</string>
			<key>isa</key>
			<string>PBXBuildFile</string>
		</dict>
		<key>09AB75A5E337120E06B863C4</key>
		<dict>
			<key>children</key>
			<array>
				<string>7BAAAA0E192A8194B5327A37</string>
				<string>43BE96256148A252A0EDDBE5</string>
				<string>F849B0C3203E92DF484436DB</string>
				<string>29C5F9A311406C7D459BABEC</string>
			</array>
			<key>isa</key>
			<string>PBXGroup</string>
			<key>name</key>
			<string>Pods</string>
			<key>sourceTree</key>
			<string>&lt;group&gt;</string>
		</dict>
		<key>2009177CB0564662B8D8773B</key>
		<dict>
			<key>buildActionMask</key>
			<string>2147483647</string>
			<key>files</key>
			<array/>
			<key>inputPaths</key>
			<array/>
			<key>isa</key>
			<string>PBXShellScriptBuildPhase</string>
			<key>name</key>
			<string>Copy Pods Resources</string>
			<key>outputPaths</key>
			<array/>
			<key>runOnlyForDeploymentPostprocessing</key>
			<string>0</string>
			<key>shellPath</key>
			<string>/bin/sh</string>
			<key>shellScript</key>
			<string>"${SRCROOT}/Pods/Target Support Files/Pods-AmethystTests/Pods-AmethystTests-resources.sh"
</string>
		</dict>
		<key>29C5F9A311406C7D459BABEC</key>
		<dict>
			<key>includeInIndex</key>
			<string>1</string>
			<key>isa</key>
			<string>PBXFileReference</string>
			<key>lastKnownFileType</key>
			<string>text.xcconfig</string>
			<key>name</key>
			<string>Pods-AmethystTests.release.xcconfig</string>
			<key>path</key>
			<string>Pods/Target Support Files/Pods-AmethystTests/Pods-AmethystTests.release.xcconfig</string>
			<key>sourceTree</key>
			<string>&lt;group&gt;</string>
		</dict>
		<key>400299DD176393F10049001F</key>
		<dict>
			<key>buildActionMask</key>
			<string>2147483647</string>
			<key>files</key>
			<array>
				<string>400299F6176396D30049001F</string>
				<string>400299F717639AE40049001F</string>
				<string>400299F917639AEA0049001F</string>
				<string>400299FA17639AF20049001F</string>
				<string>4008E73F190D81580049E2F6</string>
				<string>4008E735190C4E190049E2F6</string>
				<string>4008E731190C4E020049E2F6</string>
				<string>401A40721801C82B00136DC9</string>
				<string>400299FB17639AF20049001F</string>
				<string>40B39287181497C0009A296B</string>
				<string>400299FC17639AF20049001F</string>
				<string>400299FD17639AF20049001F</string>
				<string>40029A0017639B050049001F</string>
				<string>5CC5FEE718C5083500895144</string>
				<string>4008E71C190C1A900049E2F6</string>
				<string>40029A0117639B050049001F</string>
				<string>40A0A1FB18F1B401000B7614</string>
				<string>4008E72D190C4DB90049E2F6</string>
				<string>40029A0217639B050049001F</string>
				<string>404B0FFE1800EF7700309019</string>
				<string>40029A091763A06A0049001F</string>
				<string>40D82F0217695D8B00DE1A40</string>
				<string>40A0A1F218F1AB60000B7614</string>
				<string>40D82F0517695F8600DE1A40</string>
				<string>40D82F09176A22A900DE1A40</string>
				<string>4026AB3B1777BF81001E3783</string>
			</array>
			<key>isa</key>
			<string>PBXSourcesBuildPhase</string>
			<key>runOnlyForDeploymentPostprocessing</key>
			<string>0</string>
		</dict>
		<key>400299DE176393F10049001F</key>
		<dict>
			<key>buildActionMask</key>
			<string>2147483647</string>
			<key>files</key>
			<array>
				<string>40029A0717639BDA0049001F</string>
				<string>400299E4176393F10049001F</string>
				<string>400299E5176393F10049001F</string>
				<string>6718BDA0D79F4A19BED950F4</string>
			</array>
			<key>isa</key>
			<string>PBXFrameworksBuildPhase</string>
			<key>runOnlyForDeploymentPostprocessing</key>
			<string>0</string>
		</dict>
		<key>400299DF176393F10049001F</key>
		<dict>
			<key>buildActionMask</key>
			<string>2147483647</string>
			<key>files</key>
			<array>
				<string>40B3927D1814967F009A296B</string>
				<string>400299EB176393F10049001F</string>
				<string>4008E738190C4F650049E2F6</string>
				<string>404A5FB118442CD5009B86D3</string>
				<string>400299FE17639AF70049001F</string>
				<string>40E705D9176EAD7800850DA6</string>
				<string>404A5FAF18442CD5009B86D3</string>
			</array>
			<key>isa</key>
			<string>PBXResourcesBuildPhase</string>
			<key>runOnlyForDeploymentPostprocessing</key>
			<string>0</string>
		</dict>
		<key>400299E0176393F10049001F</key>
		<dict>
			<key>buildActionMask</key>
			<string>2147483647</string>
			<key>files</key>
			<array/>
			<key>inputPaths</key>
			<array/>
			<key>isa</key>
			<string>PBXShellScriptBuildPhase</string>
			<key>outputPaths</key>
			<array/>
			<key>runOnlyForDeploymentPostprocessing</key>
			<string>0</string>
			<key>shellPath</key>
			<string>/bin/sh</string>
			<key>shellScript</key>
			<string># Run the unit tests in this test bundle.
"${SYSTEM_DEVELOPER_DIR}/Tools/RunUnitTests"
</string>
		</dict>
		<key>400299E1176393F10049001F</key>
		<dict>
			<key>buildConfigurationList</key>
			<string>400299F2176393F10049001F</string>
			<key>buildPhases</key>
			<array>
				<string>75325DC6A6114F52971C92AF</string>
				<string>400299DD176393F10049001F</string>
				<string>400299DE176393F10049001F</string>
				<string>400299DF176393F10049001F</string>
				<string>400299E0176393F10049001F</string>
				<string>2009177CB0564662B8D8773B</string>
				<string>4017800B176D267900C8216C</string>
			</array>
			<key>buildRules</key>
			<array/>
			<key>dependencies</key>
			<array/>
			<key>isa</key>
			<string>PBXNativeTarget</string>
			<key>name</key>
			<string>AmethystTests</string>
			<key>productName</key>
			<string>AmethystTests</string>
			<key>productReference</key>
			<string>400299E2176393F10049001F</string>
			<key>productType</key>
			<string>com.apple.product-type.bundle.ocunit-test</string>
		</dict>
		<key>400299E2176393F10049001F</key>
		<dict>
			<key>explicitFileType</key>
			<string>wrapper.cfbundle</string>
			<key>includeInIndex</key>
			<string>0</string>
			<key>isa</key>
			<string>PBXFileReference</string>
			<key>path</key>
			<string>AmethystTests.octest</string>
			<key>sourceTree</key>
			<string>BUILT_PRODUCTS_DIR</string>
		</dict>
		<key>400299E3176393F10049001F</key>
		<dict>
			<key>isa</key>
			<string>PBXFileReference</string>
			<key>lastKnownFileType</key>
			<string>wrapper.framework</string>
			<key>name</key>
			<string>SenTestingKit.framework</string>
			<key>path</key>
			<string>Library/Frameworks/SenTestingKit.framework</string>
			<key>sourceTree</key>
			<string>DEVELOPER_DIR</string>
		</dict>
		<key>400299E4176393F10049001F</key>
		<dict>
			<key>fileRef</key>
			<string>400299E3176393F10049001F</string>
			<key>isa</key>
			<string>PBXBuildFile</string>
		</dict>
		<key>400299E5176393F10049001F</key>
		<dict>
			<key>fileRef</key>
			<string>402DB6E11742E41A00D1C936</string>
			<key>isa</key>
			<string>PBXBuildFile</string>
		</dict>
		<key>400299E6176393F10049001F</key>
		<dict>
			<key>children</key>
			<array>
				<string>400299E7176393F10049001F</string>
				<string>400299F5176396D30049001F</string>
				<string>40029A081763A06A0049001F</string>
				<string>40D82F0317695F8600DE1A40</string>
				<string>4026AB3A1777BF81001E3783</string>
				<string>5CC5FEE618C5083500895144</string>
			</array>
			<key>isa</key>
			<string>PBXGroup</string>
			<key>path</key>
			<string>AmethystTests</string>
			<key>sourceTree</key>
			<string>&lt;group&gt;</string>
		</dict>
		<key>400299E7176393F10049001F</key>
		<dict>
			<key>children</key>
			<array>
				<string>400299E8176393F10049001F</string>
				<string>400299E9176393F10049001F</string>
				<string>400299EF176393F10049001F</string>
			</array>
			<key>isa</key>
			<string>PBXGroup</string>
			<key>name</key>
			<string>Supporting Files</string>
			<key>sourceTree</key>
			<string>&lt;group&gt;</string>
		</dict>
		<key>400299E8176393F10049001F</key>
		<dict>
			<key>isa</key>
			<string>PBXFileReference</string>
			<key>lastKnownFileType</key>
			<string>text.plist.xml</string>
			<key>path</key>
			<string>AmethystTests-Info.plist</string>
			<key>sourceTree</key>
			<string>&lt;group&gt;</string>
		</dict>
		<key>400299E9176393F10049001F</key>
		<dict>
			<key>children</key>
			<array>
				<string>400299EA176393F10049001F</string>
			</array>
			<key>isa</key>
			<string>PBXVariantGroup</string>
			<key>name</key>
			<string>InfoPlist.strings</string>
			<key>sourceTree</key>
			<string>&lt;group&gt;</string>
		</dict>
		<key>400299EA176393F10049001F</key>
		<dict>
			<key>isa</key>
			<string>PBXFileReference</string>
			<key>lastKnownFileType</key>
			<string>text.plist.strings</string>
			<key>name</key>
			<string>en</string>
			<key>path</key>
			<string>en.lproj/InfoPlist.strings</string>
			<key>sourceTree</key>
			<string>&lt;group&gt;</string>
		</dict>
		<key>400299EB176393F10049001F</key>
		<dict>
			<key>fileRef</key>
			<string>400299E9176393F10049001F</string>
			<key>isa</key>
			<string>PBXBuildFile</string>
		</dict>
		<key>400299EF176393F10049001F</key>
		<dict>
			<key>isa</key>
			<string>PBXFileReference</string>
			<key>lastKnownFileType</key>
			<string>sourcecode.c.h</string>
			<key>path</key>
			<string>AmethystTests-Prefix.pch</string>
			<key>sourceTree</key>
			<string>&lt;group&gt;</string>
		</dict>
		<key>400299F0176393F10049001F</key>
		<dict>
			<key>baseConfigurationReference</key>
			<string>F849B0C3203E92DF484436DB</string>
			<key>buildSettings</key>
			<dict>
				<key>COMBINE_HIDPI_IMAGES</key>
				<string>YES</string>
				<key>FRAMEWORK_SEARCH_PATHS</key>
				<array>
					<string>$(inherited)</string>
					<string>"$(DEVELOPER_LIBRARY_DIR)/Frameworks"</string>
				</array>
				<key>GCC_PRECOMPILE_PREFIX_HEADER</key>
				<string>YES</string>
				<key>GCC_PREFIX_HEADER</key>
				<string>AmethystTests/AmethystTests-Prefix.pch</string>
				<key>INFOPLIST_FILE</key>
				<string>AmethystTests/AmethystTests-Info.plist</string>
				<key>PRODUCT_NAME</key>
				<string>$(TARGET_NAME)</string>
				<key>WRAPPER_EXTENSION</key>
				<string>octest</string>
			</dict>
			<key>isa</key>
			<string>XCBuildConfiguration</string>
			<key>name</key>
			<string>Debug</string>
		</dict>
		<key>400299F1176393F10049001F</key>
		<dict>
			<key>baseConfigurationReference</key>
			<string>29C5F9A311406C7D459BABEC</string>
			<key>buildSettings</key>
			<dict>
				<key>COMBINE_HIDPI_IMAGES</key>
				<string>YES</string>
				<key>FRAMEWORK_SEARCH_PATHS</key>
				<array>
					<string>$(inherited)</string>
					<string>"$(DEVELOPER_LIBRARY_DIR)/Frameworks"</string>
				</array>
				<key>GCC_PRECOMPILE_PREFIX_HEADER</key>
				<string>YES</string>
				<key>GCC_PREFIX_HEADER</key>
				<string>AmethystTests/AmethystTests-Prefix.pch</string>
				<key>INFOPLIST_FILE</key>
				<string>AmethystTests/AmethystTests-Info.plist</string>
				<key>PRODUCT_NAME</key>
				<string>$(TARGET_NAME)</string>
				<key>WRAPPER_EXTENSION</key>
				<string>octest</string>
			</dict>
			<key>isa</key>
			<string>XCBuildConfiguration</string>
			<key>name</key>
			<string>Release</string>
		</dict>
		<key>400299F2176393F10049001F</key>
		<dict>
			<key>buildConfigurations</key>
			<array>
				<string>400299F0176393F10049001F</string>
				<string>400299F1176393F10049001F</string>
			</array>
			<key>defaultConfigurationIsVisible</key>
			<string>0</string>
			<key>defaultConfigurationName</key>
			<string>Release</string>
			<key>isa</key>
			<string>XCConfigurationList</string>
		</dict>
		<key>400299F5176396D30049001F</key>
		<dict>
			<key>fileEncoding</key>
			<string>4</string>
			<key>isa</key>
			<string>PBXFileReference</string>
			<key>lastKnownFileType</key>
			<string>sourcecode.c.objc</string>
			<key>path</key>
			<string>AMFullscreenLayoutTest.m</string>
			<key>sourceTree</key>
			<string>&lt;group&gt;</string>
		</dict>
		<key>400299F6176396D30049001F</key>
		<dict>
			<key>fileRef</key>
			<string>400299F5176396D30049001F</string>
			<key>isa</key>
			<string>PBXBuildFile</string>
		</dict>
		<key>400299F717639AE40049001F</key>
		<dict>
			<key>fileRef</key>
			<string>40B337ED1746D8540001D8FC</string>
			<key>isa</key>
			<string>PBXBuildFile</string>
		</dict>
		<key>400299F917639AEA0049001F</key>
		<dict>
			<key>fileRef</key>
			<string>4015D9AF175054D200548DBE</string>
			<key>isa</key>
			<string>PBXBuildFile</string>
		</dict>
		<key>400299FA17639AF20049001F</key>
		<dict>
			<key>fileRef</key>
			<string>402DB6F41742E41A00D1C936</string>
			<key>isa</key>
			<string>PBXBuildFile</string>
		</dict>
		<key>400299FB17639AF20049001F</key>
		<dict>
			<key>fileRef</key>
			<string>4010E7F1174540220066097B</string>
			<key>isa</key>
			<string>PBXBuildFile</string>
		</dict>
		<key>400299FC17639AF20049001F</key>
		<dict>
			<key>fileRef</key>
			<string>40B337FA174993D40001D8FC</string>
			<key>isa</key>
			<string>PBXBuildFile</string>
		</dict>
		<key>400299FD17639AF20049001F</key>
		<dict>
			<key>fileRef</key>
			<string>40B337F717495D7D0001D8FC</string>
			<key>isa</key>
			<string>PBXBuildFile</string>
		</dict>
		<key>400299FE17639AF70049001F</key>
		<dict>
			<key>fileRef</key>
			<string>402DB6F61742E41A00D1C936</string>
			<key>isa</key>
			<string>PBXBuildFile</string>
		</dict>
		<key>40029A0017639B050049001F</key>
		<dict>
			<key>fileRef</key>
			<string>40B337DF1745CE2B0001D8FC</string>
			<key>isa</key>
			<string>PBXBuildFile</string>
		</dict>
		<key>40029A0117639B050049001F</key>
		<dict>
			<key>fileRef</key>
			<string>40B337E31745D0620001D8FC</string>
			<key>isa</key>
			<string>PBXBuildFile</string>
		</dict>
		<key>40029A0217639B050049001F</key>
		<dict>
			<key>fileRef</key>
			<string>40B337EA17465AE00001D8FC</string>
			<key>isa</key>
			<string>PBXBuildFile</string>
		</dict>
		<key>40029A0717639BDA0049001F</key>
		<dict>
			<key>fileRef</key>
			<string>402DB6FE1742E44E00D1C936</string>
			<key>isa</key>
			<string>PBXBuildFile</string>
		</dict>
		<key>40029A081763A06A0049001F</key>
		<dict>
			<key>fileEncoding</key>
			<string>4</string>
			<key>isa</key>
			<string>PBXFileReference</string>
			<key>lastKnownFileType</key>
			<string>sourcecode.c.objc</string>
			<key>path</key>
			<string>AMTallLayoutTest.m</string>
			<key>sourceTree</key>
			<string>&lt;group&gt;</string>
		</dict>
		<key>40029A091763A06A0049001F</key>
		<dict>
			<key>fileRef</key>
			<string>40029A081763A06A0049001F</string>
			<key>isa</key>
			<string>PBXBuildFile</string>
		</dict>
		<key>4008E71C190C1A900049E2F6</key>
		<dict>
			<key>fileRef</key>
			<string>023D3F221856828C00391BEC</string>
			<key>isa</key>
			<string>PBXBuildFile</string>
		</dict>
		<key>4008E724190C4D9D0049E2F6</key>
		<dict>
			<key>children</key>
			<array>
				<string>4008E72A190C4DB90049E2F6</string>
				<string>4008E72B190C4DB90049E2F6</string>
				<string>4008E736190C4F650049E2F6</string>
				<string>4008E72E190C4E020049E2F6</string>
				<string>4008E72F190C4E020049E2F6</string>
				<string>4008E732190C4E190049E2F6</string>
				<string>4008E733190C4E190049E2F6</string>
				<string>4008E73C190D81580049E2F6</string>
				<string>4008E73D190D81580049E2F6</string>
			</array>
			<key>isa</key>
			<string>PBXGroup</string>
			<key>name</key>
			<string>Preferences</string>
			<key>sourceTree</key>
			<string>&lt;group&gt;</string>
		</dict>
		<key>4008E72A190C4DB90049E2F6</key>
		<dict>
			<key>fileEncoding</key>
			<string>4</string>
			<key>isa</key>
			<string>PBXFileReference</string>
			<key>lastKnownFileType</key>
			<string>sourcecode.c.h</string>
			<key>path</key>
			<string>AMPreferencesWindowController.h</string>
			<key>sourceTree</key>
			<string>&lt;group&gt;</string>
		</dict>
		<key>4008E72B190C4DB90049E2F6</key>
		<dict>
			<key>fileEncoding</key>
			<string>4</string>
			<key>isa</key>
			<string>PBXFileReference</string>
			<key>lastKnownFileType</key>
			<string>sourcecode.c.objc</string>
			<key>path</key>
			<string>AMPreferencesWindowController.m</string>
			<key>sourceTree</key>
			<string>&lt;group&gt;</string>
		</dict>
		<key>4008E72C190C4DB90049E2F6</key>
		<dict>
			<key>fileRef</key>
			<string>4008E72B190C4DB90049E2F6</string>
			<key>isa</key>
			<string>PBXBuildFile</string>
		</dict>
		<key>4008E72D190C4DB90049E2F6</key>
		<dict>
			<key>fileRef</key>
			<string>4008E72B190C4DB90049E2F6</string>
			<key>isa</key>
			<string>PBXBuildFile</string>
		</dict>
		<key>4008E72E190C4E020049E2F6</key>
		<dict>
			<key>fileEncoding</key>
			<string>4</string>
			<key>isa</key>
			<string>PBXFileReference</string>
			<key>lastKnownFileType</key>
			<string>sourcecode.c.h</string>
			<key>path</key>
			<string>AMGeneralPreferencesViewController.h</string>
			<key>sourceTree</key>
			<string>&lt;group&gt;</string>
		</dict>
		<key>4008E72F190C4E020049E2F6</key>
		<dict>
			<key>fileEncoding</key>
			<string>4</string>
			<key>isa</key>
			<string>PBXFileReference</string>
			<key>lastKnownFileType</key>
			<string>sourcecode.c.objc</string>
			<key>path</key>
			<string>AMGeneralPreferencesViewController.m</string>
			<key>sourceTree</key>
			<string>&lt;group&gt;</string>
		</dict>
		<key>4008E730190C4E020049E2F6</key>
		<dict>
			<key>fileRef</key>
			<string>4008E72F190C4E020049E2F6</string>
			<key>isa</key>
			<string>PBXBuildFile</string>
		</dict>
		<key>4008E731190C4E020049E2F6</key>
		<dict>
			<key>fileRef</key>
			<string>4008E72F190C4E020049E2F6</string>
			<key>isa</key>
			<string>PBXBuildFile</string>
		</dict>
		<key>4008E732190C4E190049E2F6</key>
		<dict>
			<key>fileEncoding</key>
			<string>4</string>
			<key>isa</key>
			<string>PBXFileReference</string>
			<key>lastKnownFileType</key>
			<string>sourcecode.c.h</string>
			<key>path</key>
			<string>AMShortcutsPreferencesViewController.h</string>
			<key>sourceTree</key>
			<string>&lt;group&gt;</string>
		</dict>
		<key>4008E733190C4E190049E2F6</key>
		<dict>
			<key>fileEncoding</key>
			<string>4</string>
			<key>isa</key>
			<string>PBXFileReference</string>
			<key>lastKnownFileType</key>
			<string>sourcecode.c.objc</string>
			<key>path</key>
			<string>AMShortcutsPreferencesViewController.m</string>
			<key>sourceTree</key>
			<string>&lt;group&gt;</string>
		</dict>
		<key>4008E734190C4E190049E2F6</key>
		<dict>
			<key>fileRef</key>
			<string>4008E733190C4E190049E2F6</string>
			<key>isa</key>
			<string>PBXBuildFile</string>
		</dict>
		<key>4008E735190C4E190049E2F6</key>
		<dict>
			<key>fileRef</key>
			<string>4008E733190C4E190049E2F6</string>
			<key>isa</key>
			<string>PBXBuildFile</string>
		</dict>
		<key>4008E736190C4F650049E2F6</key>
		<dict>
			<key>fileEncoding</key>
			<string>4</string>
			<key>isa</key>
			<string>PBXFileReference</string>
			<key>lastKnownFileType</key>
			<string>file.xib</string>
			<key>path</key>
			<string>AMPreferencesWindowController.xib</string>
			<key>sourceTree</key>
			<string>&lt;group&gt;</string>
		</dict>
		<key>4008E737190C4F650049E2F6</key>
		<dict>
			<key>fileRef</key>
			<string>4008E736190C4F650049E2F6</string>
			<key>isa</key>
			<string>PBXBuildFile</string>
		</dict>
		<key>4008E738190C4F650049E2F6</key>
		<dict>
			<key>fileRef</key>
			<string>4008E736190C4F650049E2F6</string>
			<key>isa</key>
			<string>PBXBuildFile</string>
		</dict>
		<key>4008E73C190D81580049E2F6</key>
		<dict>
			<key>fileEncoding</key>
			<string>4</string>
			<key>isa</key>
			<string>PBXFileReference</string>
			<key>lastKnownFileType</key>
			<string>sourcecode.c.h</string>
			<key>path</key>
			<string>AMShortcutsPreferencesListItemView.h</string>
			<key>sourceTree</key>
			<string>&lt;group&gt;</string>
		</dict>
		<key>4008E73D190D81580049E2F6</key>
		<dict>
			<key>fileEncoding</key>
			<string>4</string>
			<key>isa</key>
			<string>PBXFileReference</string>
			<key>lastKnownFileType</key>
			<string>sourcecode.c.objc</string>
			<key>path</key>
			<string>AMShortcutsPreferencesListItemView.m</string>
			<key>sourceTree</key>
			<string>&lt;group&gt;</string>
		</dict>
		<key>4008E73E190D81580049E2F6</key>
		<dict>
			<key>fileRef</key>
			<string>4008E73D190D81580049E2F6</string>
			<key>isa</key>
			<string>PBXBuildFile</string>
		</dict>
		<key>4008E73F190D81580049E2F6</key>
		<dict>
			<key>fileRef</key>
			<string>4008E73D190D81580049E2F6</string>
			<key>isa</key>
			<string>PBXBuildFile</string>
		</dict>
		<key>4010E7F0174540220066097B</key>
		<dict>
			<key>fileEncoding</key>
			<string>4</string>
			<key>isa</key>
			<string>PBXFileReference</string>
			<key>lastKnownFileType</key>
			<string>sourcecode.c.h</string>
			<key>path</key>
			<string>AMWindowManager.h</string>
			<key>sourceTree</key>
			<string>&lt;group&gt;</string>
		</dict>
		<key>4010E7F1174540220066097B</key>
		<dict>
			<key>fileEncoding</key>
			<string>4</string>
			<key>isa</key>
			<string>PBXFileReference</string>
			<key>lastKnownFileType</key>
			<string>sourcecode.c.objc</string>
			<key>path</key>
			<string>AMWindowManager.m</string>
			<key>sourceTree</key>
			<string>&lt;group&gt;</string>
		</dict>
		<key>4010E7F2174540220066097B</key>
		<dict>
			<key>fileRef</key>
			<string>4010E7F1174540220066097B</string>
			<key>isa</key>
			<string>PBXBuildFile</string>
		</dict>
		<key>4015D9AE175054D200548DBE</key>
		<dict>
			<key>fileEncoding</key>
			<string>4</string>
			<key>isa</key>
			<string>PBXFileReference</string>
			<key>lastKnownFileType</key>
			<string>sourcecode.c.h</string>
			<key>path</key>
			<string>NSRunningApplication+Manageable.h</string>
			<key>sourceTree</key>
			<string>&lt;group&gt;</string>
		</dict>
		<key>4015D9AF175054D200548DBE</key>
		<dict>
			<key>fileEncoding</key>
			<string>4</string>
			<key>isa</key>
			<string>PBXFileReference</string>
			<key>lastKnownFileType</key>
			<string>sourcecode.c.objc</string>
			<key>path</key>
			<string>NSRunningApplication+Manageable.m</string>
			<key>sourceTree</key>
			<string>&lt;group&gt;</string>
		</dict>
		<key>4015D9B0175054D200548DBE</key>
		<dict>
			<key>fileRef</key>
			<string>4015D9AF175054D200548DBE</string>
			<key>isa</key>
			<string>PBXBuildFile</string>
		</dict>
		<key>4015D9B1175146CC00548DBE</key>
		<dict>
			<key>isa</key>
			<string>PBXFileReference</string>
			<key>lastKnownFileType</key>
			<string>folder.iconset</string>
			<key>path</key>
			<string>Amethyst.iconset</string>
			<key>sourceTree</key>
			<string>&lt;group&gt;</string>
		</dict>
		<key>4015D9B2175146CC00548DBE</key>
		<dict>
			<key>fileRef</key>
			<string>4015D9B1175146CC00548DBE</string>
			<key>isa</key>
			<string>PBXBuildFile</string>
		</dict>
		<key>4015D9B317517CE100548DBE</key>
		<dict>
			<key>isa</key>
			<string>PBXFileReference</string>
			<key>lastKnownFileType</key>
			<string>image.png</string>
			<key>path</key>
			<string>icon-statusitem.png</string>
			<key>sourceTree</key>
			<string>&lt;group&gt;</string>
		</dict>
		<key>4015D9B417517CE100548DBE</key>
		<dict>
			<key>isa</key>
			<string>PBXFileReference</string>
			<key>lastKnownFileType</key>
			<string>image.png</string>
			<key>path</key>
			<string>icon-statusitem@2x.png</string>
			<key>sourceTree</key>
			<string>&lt;group&gt;</string>
		</dict>
		<key>4015D9B517517CE100548DBE</key>
		<dict>
			<key>fileRef</key>
			<string>4015D9B317517CE100548DBE</string>
			<key>isa</key>
			<string>PBXBuildFile</string>
		</dict>
		<key>4015D9B617517CE100548DBE</key>
		<dict>
			<key>fileRef</key>
			<string>4015D9B417517CE100548DBE</string>
			<key>isa</key>
			<string>PBXBuildFile</string>
		</dict>
		<key>4017800B176D267900C8216C</key>
		<dict>
			<key>buildActionMask</key>
			<string>2147483647</string>
			<key>dstPath</key>
			<string></string>
			<key>dstSubfolderSpec</key>
			<string>10</string>
			<key>files</key>
			<array/>
			<key>isa</key>
			<string>PBXCopyFilesBuildPhase</string>
			<key>runOnlyForDeploymentPostprocessing</key>
			<string>0</string>
		</dict>
		<key>401A406F1801C82B00136DC9</key>
		<dict>
			<key>fileEncoding</key>
			<string>4</string>
			<key>isa</key>
			<string>PBXFileReference</string>
			<key>lastKnownFileType</key>
			<string>sourcecode.c.h</string>
			<key>path</key>
			<string>SIApplication+Amethyst.h</string>
			<key>sourceTree</key>
			<string>&lt;group&gt;</string>
		</dict>
		<key>401A40701801C82B00136DC9</key>
		<dict>
			<key>fileEncoding</key>
			<string>4</string>
			<key>isa</key>
			<string>PBXFileReference</string>
			<key>lastKnownFileType</key>
			<string>sourcecode.c.objc</string>
			<key>path</key>
			<string>SIApplication+Amethyst.m</string>
			<key>sourceTree</key>
			<string>&lt;group&gt;</string>
		</dict>
		<key>401A40711801C82B00136DC9</key>
		<dict>
			<key>fileRef</key>
			<string>401A40701801C82B00136DC9</string>
			<key>isa</key>
			<string>PBXBuildFile</string>
		</dict>
		<key>401A40721801C82B00136DC9</key>
		<dict>
			<key>fileRef</key>
			<string>401A40701801C82B00136DC9</string>
			<key>isa</key>
			<string>PBXBuildFile</string>
		</dict>
		<key>4026AB3A1777BF81001E3783</key>
		<dict>
			<key>fileEncoding</key>
			<string>4</string>
			<key>isa</key>
			<string>PBXFileReference</string>
			<key>lastKnownFileType</key>
			<string>sourcecode.c.objc</string>
			<key>path</key>
			<string>AMConfigurationTest.m</string>
			<key>sourceTree</key>
			<string>&lt;group&gt;</string>
		</dict>
		<key>4026AB3B1777BF81001E3783</key>
		<dict>
			<key>fileRef</key>
			<string>4026AB3A1777BF81001E3783</string>
			<key>isa</key>
			<string>PBXBuildFile</string>
		</dict>
		<key>4026AB411777C017001E3783</key>
		<dict>
			<key>fileEncoding</key>
			<string>4</string>
			<key>isa</key>
			<string>PBXFileReference</string>
			<key>lastKnownFileType</key>
			<string>sourcecode.c.h</string>
			<key>path</key>
			<string>AMConfiguration+Private.h</string>
			<key>sourceTree</key>
			<string>&lt;group&gt;</string>
		</dict>
		<key>4026AB451777C357001E3783</key>
		<dict>
			<key>buildActionMask</key>
			<string>8</string>
			<key>files</key>
			<array/>
			<key>inputPaths</key>
			<array/>
			<key>isa</key>
			<string>PBXShellScriptBuildPhase</string>
			<key>outputPaths</key>
			<array/>
			<key>runOnlyForDeploymentPostprocessing</key>
			<string>1</string>
			<key>shellPath</key>
			<string>/bin/bash</string>
			<key>shellScript</key>
			<string>rm -rf "/Applications/$FULL_PRODUCT_NAME"
cp -R "$INSTALL_DIR/$FULL_PRODUCT_NAME" "/Applications"</string>
		</dict>
		<key>4028709019BDECCB00C02061</key>
		<dict>
			<key>fileRef</key>
			<string>4065191119BDEA0E00255E0A</string>
			<key>isa</key>
			<string>PBXBuildFile</string>
			<key>settings</key>
			<dict>
				<key>ATTRIBUTES</key>
				<array>
					<string>CodeSignOnCopy</string>
					<string>RemoveHeadersOnCopy</string>
				</array>
			</dict>
		</dict>
		<key>402DB6D51742E41A00D1C936</key>
		<dict>
			<key>children</key>
			<array>
				<string>402DB6E71742E41A00D1C936</string>
				<string>400299E6176393F10049001F</string>
				<string>402DB6E01742E41A00D1C936</string>
				<string>402DB6DF1742E41A00D1C936</string>
				<string>09AB75A5E337120E06B863C4</string>
			</array>
			<key>isa</key>
			<string>PBXGroup</string>
			<key>sourceTree</key>
			<string>&lt;group&gt;</string>
		</dict>
		<key>402DB6D61742E41A00D1C936</key>
		<dict>
			<key>attributes</key>
			<dict>
				<key>CLASSPREFIX</key>
				<string>AM</string>
				<key>LastUpgradeCheck</key>
				<string>0510</string>
				<key>ORGANIZATIONNAME</key>
				<string>Ian Ynda-Hummel</string>
				<key>TargetAttributes</key>
				<dict>
					<key>402DB6DD1742E41A00D1C936</key>
					<dict>
						<key>DevelopmentTeam</key>
						<string>82P2XLB4UH</string>
					</dict>
				</dict>
			</dict>
			<key>buildConfigurationList</key>
			<string>402DB6D91742E41A00D1C936</string>
			<key>compatibilityVersion</key>
			<string>Xcode 3.2</string>
			<key>developmentRegion</key>
			<string>English</string>
			<key>hasScannedForEncodings</key>
			<string>0</string>
			<key>isa</key>
			<string>PBXProject</string>
			<key>knownRegions</key>
			<array>
				<string>en</string>
			</array>
			<key>mainGroup</key>
			<string>402DB6D51742E41A00D1C936</string>
			<key>productRefGroup</key>
			<string>402DB6DF1742E41A00D1C936</string>
			<key>projectDirPath</key>
			<string></string>
			<key>projectReferences</key>
			<array/>
			<key>projectRoot</key>
			<string></string>
			<key>targets</key>
			<array>
				<string>402DB6DD1742E41A00D1C936</string>
				<string>400299E1176393F10049001F</string>
			</array>
		</dict>
		<key>402DB6D91742E41A00D1C936</key>
		<dict>
			<key>buildConfigurations</key>
			<array>
				<string>402DB6F91742E41A00D1C936</string>
				<string>402DB6FA1742E41A00D1C936</string>
			</array>
			<key>defaultConfigurationIsVisible</key>
			<string>0</string>
			<key>defaultConfigurationName</key>
			<string>Release</string>
			<key>isa</key>
			<string>XCConfigurationList</string>
		</dict>
		<key>402DB6DA1742E41A00D1C936</key>
		<dict>
			<key>buildActionMask</key>
			<string>2147483647</string>
			<key>files</key>
			<array>
				<string>4008E72C190C4DB90049E2F6</string>
				<string>402DB6EE1742E41A00D1C936</string>
				<string>402DB6F51742E41A00D1C936</string>
				<string>4010E7F2174540220066097B</string>
				<string>4008E730190C4E020049E2F6</string>
				<string>40B39286181497C0009A296B</string>
				<string>4008E73E190D81580049E2F6</string>
				<string>40B337E01745CE2B0001D8FC</string>
				<string>40B337E41745D0620001D8FC</string>
				<string>40B337EB17465AE00001D8FC</string>
				<string>40B337EE1746D8550001D8FC</string>
				<string>401A40711801C82B00136DC9</string>
				<string>40B337F817495D7D0001D8FC</string>
				<string>40B337FB174993D40001D8FC</string>
				<string>4008E734190C4E190049E2F6</string>
				<string>404B0FFD1800EF7700309019</string>
				<string>4015D9B0175054D200548DBE</string>
				<string>023D3F231856828C00391BEC</string>
				<string>40D82F0117695D8B00DE1A40</string>
				<string>40A0A1FA18F1B401000B7614</string>
				<string>5C09C2AB18C1400F00CF5E6A</string>
				<string>40D82F08176A22A900DE1A40</string>
				<string>40F48BD119D9BF8D0085453B</string>
			</array>
			<key>isa</key>
			<string>PBXSourcesBuildPhase</string>
			<key>runOnlyForDeploymentPostprocessing</key>
			<string>0</string>
		</dict>
		<key>402DB6DB1742E41A00D1C936</key>
		<dict>
			<key>buildActionMask</key>
			<string>2147483647</string>
			<key>files</key>
			<array>
				<string>4065191219BDEA0E00255E0A</string>
				<string>402DB6FF1742E44E00D1C936</string>
				<string>402DB6E21742E41A00D1C936</string>
				<string>408D394819C7CB760001981F</string>
				<string>00AFB0374CBA4EBAA0014687</string>
			</array>
			<key>isa</key>
			<string>PBXFrameworksBuildPhase</string>
			<key>runOnlyForDeploymentPostprocessing</key>
			<string>0</string>
		</dict>
		<key>402DB6DC1742E41A00D1C936</key>
		<dict>
			<key>buildActionMask</key>
			<string>2147483647</string>
			<key>files</key>
			<array>
				<string>402DB6EC1742E41A00D1C936</string>
				<string>402DB6F21742E41A00D1C936</string>
				<string>402DB6F81742E41A00D1C936</string>
				<string>404A5FAE18442CD5009B86D3</string>
				<string>404A5FB018442CD5009B86D3</string>
				<string>4015D9B2175146CC00548DBE</string>
				<string>40B3927C1814967F009A296B</string>
				<string>4015D9B517517CE100548DBE</string>
				<string>4015D9B617517CE100548DBE</string>
				<string>40E705D8176EAD7800850DA6</string>
				<string>4008E737190C4F650049E2F6</string>
			</array>
			<key>isa</key>
			<string>PBXResourcesBuildPhase</string>
			<key>runOnlyForDeploymentPostprocessing</key>
			<string>0</string>
		</dict>
		<key>402DB6DD1742E41A00D1C936</key>
		<dict>
			<key>buildConfigurationList</key>
			<string>402DB6FB1742E41A00D1C936</string>
			<key>buildPhases</key>
			<array>
				<string>408D394419C7C2B90001981F</string>
				<string>C226F91CEBCF40B2B1E905D2</string>
				<string>402DB6DA1742E41A00D1C936</string>
				<string>402DB6DB1742E41A00D1C936</string>
				<string>402DB6DC1742E41A00D1C936</string>
				<string>A45D6998D05F454B956A7978</string>
				<string>40CD2F95176D0F4A00251338</string>
				<string>4026AB451777C357001E3783</string>
				<string>408D394519C7C3C40001981F</string>
			</array>
			<key>buildRules</key>
			<array/>
			<key>dependencies</key>
			<array/>
			<key>isa</key>
			<string>PBXNativeTarget</string>
			<key>name</key>
			<string>Amethyst</string>
			<key>productName</key>
			<string>Amethyst</string>
			<key>productReference</key>
			<string>402DB6DE1742E41A00D1C936</string>
			<key>productType</key>
			<string>com.apple.product-type.application</string>
		</dict>
		<key>402DB6DE1742E41A00D1C936</key>
		<dict>
			<key>explicitFileType</key>
			<string>wrapper.application</string>
			<key>includeInIndex</key>
			<string>0</string>
			<key>isa</key>
			<string>PBXFileReference</string>
			<key>path</key>
			<string>Amethyst.app</string>
			<key>sourceTree</key>
			<string>BUILT_PRODUCTS_DIR</string>
		</dict>
		<key>402DB6DF1742E41A00D1C936</key>
		<dict>
			<key>children</key>
			<array>
				<string>402DB6DE1742E41A00D1C936</string>
				<string>400299E2176393F10049001F</string>
			</array>
			<key>isa</key>
			<string>PBXGroup</string>
			<key>name</key>
			<string>Products</string>
			<key>sourceTree</key>
			<string>&lt;group&gt;</string>
		</dict>
		<key>402DB6E01742E41A00D1C936</key>
		<dict>
			<key>children</key>
			<array>
				<string>408D394619C7C7700001981F</string>
				<string>4065191119BDEA0E00255E0A</string>
				<string>402DB6FE1742E44E00D1C936</string>
				<string>402DB6E11742E41A00D1C936</string>
				<string>400299E3176393F10049001F</string>
				<string>402DB6E31742E41A00D1C936</string>
				<string>B0530B06777D42039F419322</string>
				<string>F3BFE9CAC8A4496793B4217D</string>
			</array>
			<key>isa</key>
			<string>PBXGroup</string>
			<key>name</key>
			<string>Frameworks</string>
			<key>sourceTree</key>
			<string>&lt;group&gt;</string>
		</dict>
		<key>402DB6E11742E41A00D1C936</key>
		<dict>
			<key>isa</key>
			<string>PBXFileReference</string>
			<key>lastKnownFileType</key>
			<string>wrapper.framework</string>
			<key>name</key>
			<string>Cocoa.framework</string>
			<key>path</key>
			<string>System/Library/Frameworks/Cocoa.framework</string>
			<key>sourceTree</key>
			<string>SDKROOT</string>
		</dict>
		<key>402DB6E21742E41A00D1C936</key>
		<dict>
			<key>fileRef</key>
			<string>402DB6E11742E41A00D1C936</string>
			<key>isa</key>
			<string>PBXBuildFile</string>
		</dict>
		<key>402DB6E31742E41A00D1C936</key>
		<dict>
			<key>children</key>
			<array>
				<string>402DB6E41742E41A00D1C936</string>
				<string>402DB6E51742E41A00D1C936</string>
				<string>402DB6E61742E41A00D1C936</string>
			</array>
			<key>isa</key>
			<string>PBXGroup</string>
			<key>name</key>
			<string>Other Frameworks</string>
			<key>sourceTree</key>
			<string>&lt;group&gt;</string>
		</dict>
		<key>402DB6E41742E41A00D1C936</key>
		<dict>
			<key>isa</key>
			<string>PBXFileReference</string>
			<key>lastKnownFileType</key>
			<string>wrapper.framework</string>
			<key>name</key>
			<string>AppKit.framework</string>
			<key>path</key>
			<string>System/Library/Frameworks/AppKit.framework</string>
			<key>sourceTree</key>
			<string>SDKROOT</string>
		</dict>
		<key>402DB6E51742E41A00D1C936</key>
		<dict>
			<key>isa</key>
			<string>PBXFileReference</string>
			<key>lastKnownFileType</key>
			<string>wrapper.framework</string>
			<key>name</key>
			<string>CoreData.framework</string>
			<key>path</key>
			<string>System/Library/Frameworks/CoreData.framework</string>
			<key>sourceTree</key>
			<string>SDKROOT</string>
		</dict>
		<key>402DB6E61742E41A00D1C936</key>
		<dict>
			<key>isa</key>
			<string>PBXFileReference</string>
			<key>lastKnownFileType</key>
			<string>wrapper.framework</string>
			<key>name</key>
			<string>Foundation.framework</string>
			<key>path</key>
			<string>System/Library/Frameworks/Foundation.framework</string>
			<key>sourceTree</key>
			<string>SDKROOT</string>
		</dict>
		<key>402DB6E71742E41A00D1C936</key>
		<dict>
			<key>children</key>
			<array>
				<string>4008E724190C4D9D0049E2F6</string>
				<string>40B392831814977D009A296B</string>
				<string>40B337EF174935ED0001D8FC</string>
				<string>40B337E51745D1600001D8FC</string>
				<string>40B337E11745CE340001D8FC</string>
				<string>402DB6F31742E41A00D1C936</string>
				<string>402DB6F41742E41A00D1C936</string>
				<string>4010E7F0174540220066097B</string>
				<string>4010E7F1174540220066097B</string>
				<string>40B337F9174993D40001D8FC</string>
				<string>40B337FA174993D40001D8FC</string>
				<string>40B337F617495D7D0001D8FC</string>
				<string>40B337F717495D7D0001D8FC</string>
				<string>4026AB411777C017001E3783</string>
				<string>402DB6F61742E41A00D1C936</string>
				<string>402DB6E81742E41A00D1C936</string>
				<string>40C90FE417A330E900CE174B</string>
			</array>
			<key>isa</key>
			<string>PBXGroup</string>
			<key>path</key>
			<string>Amethyst</string>
			<key>sourceTree</key>
			<string>&lt;group&gt;</string>
		</dict>
		<key>402DB6E81742E41A00D1C936</key>
		<dict>
			<key>children</key>
			<array>
				<string>404A5FAC18442CD5009B86D3</string>
				<string>404A5FAD18442CD5009B86D3</string>
				<string>4015D9B317517CE100548DBE</string>
				<string>4015D9B417517CE100548DBE</string>
				<string>4015D9B1175146CC00548DBE</string>
				<string>402DB6E91742E41A00D1C936</string>
				<string>402DB6EA1742E41A00D1C936</string>
				<string>402DB6ED1742E41A00D1C936</string>
				<string>402DB6EF1742E41A00D1C936</string>
				<string>402DB6F01742E41A00D1C936</string>
				<string>40E705D7176EAD7800850DA6</string>
			</array>
			<key>isa</key>
			<string>PBXGroup</string>
			<key>name</key>
			<string>Supporting Files</string>
			<key>sourceTree</key>
			<string>&lt;group&gt;</string>
		</dict>
		<key>402DB6E91742E41A00D1C936</key>
		<dict>
			<key>isa</key>
			<string>PBXFileReference</string>
			<key>lastKnownFileType</key>
			<string>text.plist.xml</string>
			<key>path</key>
			<string>Amethyst-Info.plist</string>
			<key>sourceTree</key>
			<string>&lt;group&gt;</string>
		</dict>
		<key>402DB6EA1742E41A00D1C936</key>
		<dict>
			<key>children</key>
			<array>
				<string>402DB6EB1742E41A00D1C936</string>
			</array>
			<key>isa</key>
			<string>PBXVariantGroup</string>
			<key>name</key>
			<string>InfoPlist.strings</string>
			<key>sourceTree</key>
			<string>&lt;group&gt;</string>
		</dict>
		<key>402DB6EB1742E41A00D1C936</key>
		<dict>
			<key>isa</key>
			<string>PBXFileReference</string>
			<key>lastKnownFileType</key>
			<string>text.plist.strings</string>
			<key>name</key>
			<string>en</string>
			<key>path</key>
			<string>en.lproj/InfoPlist.strings</string>
			<key>sourceTree</key>
			<string>&lt;group&gt;</string>
		</dict>
		<key>402DB6EC1742E41A00D1C936</key>
		<dict>
			<key>fileRef</key>
			<string>402DB6EA1742E41A00D1C936</string>
			<key>isa</key>
			<string>PBXBuildFile</string>
		</dict>
		<key>402DB6ED1742E41A00D1C936</key>
		<dict>
			<key>isa</key>
			<string>PBXFileReference</string>
			<key>lastKnownFileType</key>
			<string>sourcecode.c.objc</string>
			<key>path</key>
			<string>main.m</string>
			<key>sourceTree</key>
			<string>&lt;group&gt;</string>
		</dict>
		<key>402DB6EE1742E41A00D1C936</key>
		<dict>
			<key>fileRef</key>
			<string>402DB6ED1742E41A00D1C936</string>
			<key>isa</key>
			<string>PBXBuildFile</string>
		</dict>
		<key>402DB6EF1742E41A00D1C936</key>
		<dict>
			<key>isa</key>
			<string>PBXFileReference</string>
			<key>lastKnownFileType</key>
			<string>sourcecode.c.h</string>
			<key>path</key>
			<string>Amethyst-Prefix.pch</string>
			<key>sourceTree</key>
			<string>&lt;group&gt;</string>
		</dict>
		<key>402DB6F01742E41A00D1C936</key>
		<dict>
			<key>children</key>
			<array>
				<string>402DB6F11742E41A00D1C936</string>
			</array>
			<key>isa</key>
			<string>PBXVariantGroup</string>
			<key>name</key>
			<string>Credits.rtf</string>
			<key>sourceTree</key>
			<string>&lt;group&gt;</string>
		</dict>
		<key>402DB6F11742E41A00D1C936</key>
		<dict>
			<key>isa</key>
			<string>PBXFileReference</string>
			<key>lastKnownFileType</key>
			<string>text.rtf</string>
			<key>name</key>
			<string>en</string>
			<key>path</key>
			<string>en.lproj/Credits.rtf</string>
			<key>sourceTree</key>
			<string>&lt;group&gt;</string>
		</dict>
		<key>402DB6F21742E41A00D1C936</key>
		<dict>
			<key>fileRef</key>
			<string>402DB6F01742E41A00D1C936</string>
			<key>isa</key>
			<string>PBXBuildFile</string>
		</dict>
		<key>402DB6F31742E41A00D1C936</key>
		<dict>
			<key>isa</key>
			<string>PBXFileReference</string>
			<key>lastKnownFileType</key>
			<string>sourcecode.c.h</string>
			<key>path</key>
			<string>AMAppDelegate.h</string>
			<key>sourceTree</key>
			<string>&lt;group&gt;</string>
		</dict>
		<key>402DB6F41742E41A00D1C936</key>
		<dict>
			<key>isa</key>
			<string>PBXFileReference</string>
			<key>lastKnownFileType</key>
			<string>sourcecode.c.objc</string>
			<key>path</key>
			<string>AMAppDelegate.m</string>
			<key>sourceTree</key>
			<string>&lt;group&gt;</string>
		</dict>
		<key>402DB6F51742E41A00D1C936</key>
		<dict>
			<key>fileRef</key>
			<string>402DB6F41742E41A00D1C936</string>
			<key>isa</key>
			<string>PBXBuildFile</string>
		</dict>
		<key>402DB6F61742E41A00D1C936</key>
		<dict>
			<key>children</key>
			<array>
				<string>402DB6F71742E41A00D1C936</string>
			</array>
			<key>isa</key>
			<string>PBXVariantGroup</string>
			<key>name</key>
			<string>MainMenu.xib</string>
			<key>sourceTree</key>
			<string>&lt;group&gt;</string>
		</dict>
		<key>402DB6F71742E41A00D1C936</key>
		<dict>
			<key>isa</key>
			<string>PBXFileReference</string>
			<key>lastKnownFileType</key>
			<string>file.xib</string>
			<key>name</key>
			<string>en</string>
			<key>path</key>
			<string>en.lproj/MainMenu.xib</string>
			<key>sourceTree</key>
			<string>&lt;group&gt;</string>
		</dict>
		<key>402DB6F81742E41A00D1C936</key>
		<dict>
			<key>fileRef</key>
			<string>402DB6F61742E41A00D1C936</string>
			<key>isa</key>
			<string>PBXBuildFile</string>
		</dict>
		<key>402DB6F91742E41A00D1C936</key>
		<dict>
			<key>buildSettings</key>
			<dict>
				<key>ALWAYS_SEARCH_USER_PATHS</key>
				<string>NO</string>
				<key>CLANG_CXX_LANGUAGE_STANDARD</key>
				<string>gnu++0x</string>
				<key>CLANG_CXX_LIBRARY</key>
				<string>libc++</string>
				<key>CLANG_ENABLE_OBJC_ARC</key>
				<string>YES</string>
				<key>CLANG_WARN_CONSTANT_CONVERSION</key>
				<string>YES</string>
				<key>CLANG_WARN_EMPTY_BODY</key>
				<string>YES</string>
				<key>CLANG_WARN_ENUM_CONVERSION</key>
				<string>YES</string>
				<key>CLANG_WARN_INT_CONVERSION</key>
				<string>YES</string>
				<key>CLANG_WARN__DUPLICATE_METHOD_MATCH</key>
				<string>YES</string>
				<key>COPY_PHASE_STRIP</key>
				<string>NO</string>
				<key>GCC_C_LANGUAGE_STANDARD</key>
				<string>gnu99</string>
				<key>GCC_DYNAMIC_NO_PIC</key>
				<string>NO</string>
				<key>GCC_ENABLE_OBJC_EXCEPTIONS</key>
				<string>YES</string>
				<key>GCC_OPTIMIZATION_LEVEL</key>
				<string>0</string>
				<key>GCC_PREPROCESSOR_DEFINITIONS</key>
				<array>
					<string>DEBUG=1</string>
					<string>$(inherited)</string>
				</array>
				<key>GCC_SYMBOLS_PRIVATE_EXTERN</key>
				<string>NO</string>
				<key>GCC_WARN_64_TO_32_BIT_CONVERSION</key>
				<string>YES</string>
				<key>GCC_WARN_ABOUT_RETURN_TYPE</key>
				<string>YES</string>
				<key>GCC_WARN_UNINITIALIZED_AUTOS</key>
				<string>YES</string>
				<key>GCC_WARN_UNUSED_VARIABLE</key>
				<string>YES</string>
				<key>MACOSX_DEPLOYMENT_TARGET</key>
				<string>10.8</string>
				<key>ONLY_ACTIVE_ARCH</key>
				<string>YES</string>
				<key>SDKROOT</key>
				<string>macosx</string>
			</dict>
			<key>isa</key>
			<string>XCBuildConfiguration</string>
			<key>name</key>
			<string>Debug</string>
		</dict>
		<key>402DB6FA1742E41A00D1C936</key>
		<dict>
			<key>buildSettings</key>
			<dict>
				<key>ALWAYS_SEARCH_USER_PATHS</key>
				<string>NO</string>
				<key>CLANG_CXX_LANGUAGE_STANDARD</key>
				<string>gnu++0x</string>
				<key>CLANG_CXX_LIBRARY</key>
				<string>libc++</string>
				<key>CLANG_ENABLE_OBJC_ARC</key>
				<string>YES</string>
				<key>CLANG_WARN_CONSTANT_CONVERSION</key>
				<string>YES</string>
				<key>CLANG_WARN_EMPTY_BODY</key>
				<string>YES</string>
				<key>CLANG_WARN_ENUM_CONVERSION</key>
				<string>YES</string>
				<key>CLANG_WARN_INT_CONVERSION</key>
				<string>YES</string>
				<key>CLANG_WARN__DUPLICATE_METHOD_MATCH</key>
				<string>YES</string>
				<key>COPY_PHASE_STRIP</key>
				<string>YES</string>
				<key>DEBUG_INFORMATION_FORMAT</key>
				<string>dwarf-with-dsym</string>
				<key>GCC_C_LANGUAGE_STANDARD</key>
				<string>gnu99</string>
				<key>GCC_ENABLE_OBJC_EXCEPTIONS</key>
				<string>YES</string>
				<key>GCC_WARN_64_TO_32_BIT_CONVERSION</key>
				<string>YES</string>
				<key>GCC_WARN_ABOUT_RETURN_TYPE</key>
				<string>YES</string>
				<key>GCC_WARN_UNINITIALIZED_AUTOS</key>
				<string>YES</string>
				<key>GCC_WARN_UNUSED_VARIABLE</key>
				<string>YES</string>
				<key>MACOSX_DEPLOYMENT_TARGET</key>
				<string>10.8</string>
				<key>SDKROOT</key>
				<string>macosx</string>
			</dict>
			<key>isa</key>
			<string>XCBuildConfiguration</string>
			<key>name</key>
			<string>Release</string>
		</dict>
		<key>402DB6FB1742E41A00D1C936</key>
		<dict>
			<key>buildConfigurations</key>
			<array>
				<string>402DB6FC1742E41A00D1C936</string>
				<string>402DB6FD1742E41A00D1C936</string>
			</array>
			<key>defaultConfigurationIsVisible</key>
			<string>0</string>
			<key>defaultConfigurationName</key>
			<string>Release</string>
			<key>isa</key>
			<string>XCConfigurationList</string>
		</dict>
		<key>402DB6FC1742E41A00D1C936</key>
		<dict>
			<key>baseConfigurationReference</key>
			<string>7BAAAA0E192A8194B5327A37</string>
			<key>buildSettings</key>
			<dict>
				<key>ARCHS</key>
				<string>$(ARCHS_STANDARD)</string>
				<key>CODE_SIGN_IDENTITY[sdk=macosx*]</key>
				<string>Mac Developer</string>
				<key>COMBINE_HIDPI_IMAGES</key>
				<string>YES</string>
				<key>FRAMEWORK_SEARCH_PATHS</key>
				<array>
					<string>$(inherited)</string>
					<string>$(USER_LIBRARY_DIR)/Developer/Xcode/DerivedData/Amethyst-hayuzxrdmhaqmverzffhmryaexfi/Build/Products/Debug</string>
					<string>$(PROJECT_DIR)</string>
				</array>
				<key>GCC_PRECOMPILE_PREFIX_HEADER</key>
				<string>YES</string>
				<key>GCC_PREFIX_HEADER</key>
				<string>Amethyst/Amethyst-Prefix.pch</string>
				<key>INFOPLIST_FILE</key>
				<string>Amethyst/Amethyst-Info.plist</string>
				<key>LD_RUNPATH_SEARCH_PATHS</key>
				<string>@loader_path/../Frameworks @executable_path/../Frameworks</string>
				<key>MACOSX_DEPLOYMENT_TARGET</key>
				<string>10.9</string>
				<key>OTHER_CODE_SIGN_FLAGS</key>
				<string>--deep</string>
				<key>PRODUCT_NAME</key>
				<string>$(TARGET_NAME)</string>
				<key>PROVISIONING_PROFILE</key>
				<string></string>
				<key>WRAPPER_EXTENSION</key>
				<string>app</string>
			</dict>
			<key>isa</key>
			<string>XCBuildConfiguration</string>
			<key>name</key>
			<string>Debug</string>
		</dict>
		<key>402DB6FD1742E41A00D1C936</key>
		<dict>
			<key>baseConfigurationReference</key>
			<string>43BE96256148A252A0EDDBE5</string>
			<key>buildSettings</key>
			<dict>
				<key>ARCHS</key>
				<string>$(ARCHS_STANDARD)</string>
				<key>CODE_SIGN_IDENTITY[sdk=macosx*]</key>
				<string>Mac Developer</string>
				<key>COMBINE_HIDPI_IMAGES</key>
				<string>YES</string>
				<key>FRAMEWORK_SEARCH_PATHS</key>
				<array>
					<string>$(inherited)</string>
					<string>$(USER_LIBRARY_DIR)/Developer/Xcode/DerivedData/Amethyst-hayuzxrdmhaqmverzffhmryaexfi/Build/Products/Debug</string>
					<string>$(PROJECT_DIR)</string>
				</array>
				<key>GCC_PRECOMPILE_PREFIX_HEADER</key>
				<string>YES</string>
				<key>GCC_PREFIX_HEADER</key>
				<string>Amethyst/Amethyst-Prefix.pch</string>
				<key>INFOPLIST_FILE</key>
				<string>Amethyst/Amethyst-Info.plist</string>
				<key>LD_RUNPATH_SEARCH_PATHS</key>
				<string>@loader_path/../Frameworks @executable_path/../Frameworks</string>
				<key>MACOSX_DEPLOYMENT_TARGET</key>
				<string>10.9</string>
				<key>OTHER_CODE_SIGN_FLAGS</key>
				<string>--deep</string>
				<key>PRODUCT_NAME</key>
				<string>$(TARGET_NAME)</string>
				<key>PROVISIONING_PROFILE</key>
				<string></string>
				<key>WRAPPER_EXTENSION</key>
				<string>app</string>
			</dict>
			<key>isa</key>
			<string>XCBuildConfiguration</string>
			<key>name</key>
			<string>Release</string>
		</dict>
		<key>402DB6FE1742E44E00D1C936</key>
		<dict>
			<key>isa</key>
			<string>PBXFileReference</string>
			<key>lastKnownFileType</key>
			<string>wrapper.framework</string>
			<key>name</key>
			<string>Carbon.framework</string>
			<key>path</key>
			<string>System/Library/Frameworks/Carbon.framework</string>
			<key>sourceTree</key>
			<string>SDKROOT</string>
		</dict>
		<key>402DB6FF1742E44E00D1C936</key>
		<dict>
			<key>fileRef</key>
			<string>402DB6FE1742E44E00D1C936</string>
			<key>isa</key>
			<string>PBXBuildFile</string>
		</dict>
		<key>404A5FAC18442CD5009B86D3</key>
		<dict>
			<key>isa</key>
			<string>PBXFileReference</string>
			<key>lastKnownFileType</key>
			<string>image.png</string>
			<key>path</key>
			<string>icon-statusitem-disabled.png</string>
			<key>sourceTree</key>
			<string>&lt;group&gt;</string>
		</dict>
		<key>404A5FAD18442CD5009B86D3</key>
		<dict>
			<key>isa</key>
			<string>PBXFileReference</string>
			<key>lastKnownFileType</key>
			<string>image.png</string>
			<key>path</key>
			<string>icon-statusitem-disabled@2x.png</string>
			<key>sourceTree</key>
			<string>&lt;group&gt;</string>
		</dict>
		<key>404A5FAE18442CD5009B86D3</key>
		<dict>
			<key>fileRef</key>
			<string>404A5FAC18442CD5009B86D3</string>
			<key>isa</key>
			<string>PBXBuildFile</string>
		</dict>
		<key>404A5FAF18442CD5009B86D3</key>
		<dict>
			<key>fileRef</key>
			<string>404A5FAC18442CD5009B86D3</string>
			<key>isa</key>
			<string>PBXBuildFile</string>
		</dict>
		<key>404A5FB018442CD5009B86D3</key>
		<dict>
			<key>fileRef</key>
			<string>404A5FAD18442CD5009B86D3</string>
			<key>isa</key>
			<string>PBXBuildFile</string>
		</dict>
		<key>404A5FB118442CD5009B86D3</key>
		<dict>
			<key>fileRef</key>
			<string>404A5FAD18442CD5009B86D3</string>
			<key>isa</key>
			<string>PBXBuildFile</string>
		</dict>
		<key>404B0FFB1800EF7700309019</key>
		<dict>
			<key>fileEncoding</key>
			<string>4</string>
			<key>isa</key>
			<string>PBXFileReference</string>
			<key>lastKnownFileType</key>
			<string>sourcecode.c.h</string>
			<key>path</key>
			<string>SIWindow+Amethyst.h</string>
			<key>sourceTree</key>
			<string>&lt;group&gt;</string>
		</dict>
		<key>404B0FFC1800EF7700309019</key>
		<dict>
			<key>fileEncoding</key>
			<string>4</string>
			<key>isa</key>
			<string>PBXFileReference</string>
			<key>lastKnownFileType</key>
			<string>sourcecode.c.objc</string>
			<key>path</key>
			<string>SIWindow+Amethyst.m</string>
			<key>sourceTree</key>
			<string>&lt;group&gt;</string>
		</dict>
		<key>404B0FFD1800EF7700309019</key>
		<dict>
			<key>fileRef</key>
			<string>404B0FFC1800EF7700309019</string>
			<key>isa</key>
			<string>PBXBuildFile</string>
		</dict>
		<key>404B0FFE1800EF7700309019</key>
		<dict>
			<key>fileRef</key>
			<string>404B0FFC1800EF7700309019</string>
			<key>isa</key>
			<string>PBXBuildFile</string>
		</dict>
		<key>4065191119BDEA0E00255E0A</key>
		<dict>
			<key>isa</key>
			<string>PBXFileReference</string>
			<key>lastKnownFileType</key>
			<string>wrapper.framework</string>
			<key>name</key>
			<string>Sparkle.framework</string>
			<key>path</key>
			<string>../../Library/Developer/Xcode/DerivedData/Amethyst-hayuzxrdmhaqmverzffhmryaexfi/Build/Products/Debug/Sparkle.framework</string>
			<key>sourceTree</key>
			<string>&lt;group&gt;</string>
		</dict>
		<key>4065191219BDEA0E00255E0A</key>
		<dict>
			<key>fileRef</key>
			<string>4065191119BDEA0E00255E0A</string>
			<key>isa</key>
			<string>PBXBuildFile</string>
		</dict>
		<key>408D394419C7C2B90001981F</key>
		<dict>
			<key>buildActionMask</key>
			<string>2147483647</string>
			<key>files</key>
			<array/>
			<key>inputPaths</key>
			<array/>
			<key>isa</key>
			<string>PBXShellScriptBuildPhase</string>
			<key>outputPaths</key>
			<array/>
			<key>runOnlyForDeploymentPostprocessing</key>
			<string>0</string>
			<key>shellPath</key>
			<string>/bin/sh</string>
			<key>shellScript</key>
			<string>source ./bin/CrashlyticsKeys.sh
if [ -n "$CRASHLYTICS_API_KEY" -a -n "$CRASHLYTICS_APP_KEY" ]; then
    /usr/libexec/PlistBuddy -c "Add :HBCrashlyticsAPIKey string '$CRASHLYTICS_API_KEY'" Amethyst/Info.plist
    /usr/libexec/PlistBuddy -c "Add :HBCrashlyticsAppKey string '$CRASHLYTICS_APP_KEY'" Amethyst/Info.plist
fi
</string>
		</dict>
		<key>408D394519C7C3C40001981F</key>
		<dict>
			<key>buildActionMask</key>
			<string>2147483647</string>
			<key>files</key>
			<array/>
			<key>inputPaths</key>
			<array/>
			<key>isa</key>
			<string>PBXShellScriptBuildPhase</string>
			<key>outputPaths</key>
			<array/>
			<key>runOnlyForDeploymentPostprocessing</key>
			<string>0</string>
			<key>shellPath</key>
			<string>/bin/sh</string>
			<key>shellScript</key>
			<string>source ./bin/CrashlyticsKeys.sh
if [ -n "$CRASHLYTICS_API_KEY" -a -n "$CRASHLYTICS_APP_KEY" ]; then
    ./Crashlytics.framework/run $CRASHLYTICS_API_KEY $CRASHLYTICS_APP_KEY
    /usr/libexec/PlistBuddy -c "Delete :HBCrashlyticsAPIKey" Amethyst/Info.plist
    /usr/libexec/PlistBuddy -c "Delete :HBCrashlyticsAppKey" Amethyst/Info.plist
fi
</string>
		</dict>
		<key>408D394619C7C7700001981F</key>
		<dict>
			<key>isa</key>
			<string>PBXFileReference</string>
			<key>lastKnownFileType</key>
			<string>wrapper.framework</string>
			<key>path</key>
			<string>Crashlytics.framework</string>
			<key>sourceTree</key>
			<string>&lt;group&gt;</string>
		</dict>
		<key>408D394819C7CB760001981F</key>
		<dict>
			<key>fileRef</key>
			<string>408D394619C7C7700001981F</string>
			<key>isa</key>
			<string>PBXBuildFile</string>
		</dict>
		<key>408D394919C7CB760001981F</key>
		<dict>
			<key>fileRef</key>
			<string>408D394619C7C7700001981F</string>
			<key>isa</key>
			<string>PBXBuildFile</string>
			<key>settings</key>
			<dict>
				<key>ATTRIBUTES</key>
				<array>
					<string>CodeSignOnCopy</string>
					<string>RemoveHeadersOnCopy</string>
				</array>
			</dict>
		</dict>
		<key>40A0A1F218F1AB60000B7614</key>
		<dict>
			<key>fileRef</key>
			<string>5C09C2AA18C1400F00CF5E6A</string>
			<key>isa</key>
			<string>PBXBuildFile</string>
		</dict>
		<key>40A0A1F818F1B400000B7614</key>
		<dict>
			<key>fileEncoding</key>
			<string>4</string>
			<key>isa</key>
			<string>PBXFileReference</string>
			<key>lastKnownFileType</key>
			<string>sourcecode.c.h</string>
			<key>path</key>
			<string>AMWidescreenTallLayout.h</string>
			<key>sourceTree</key>
			<string>&lt;group&gt;</string>
		</dict>
		<key>40A0A1F918F1B401000B7614</key>
		<dict>
			<key>fileEncoding</key>
			<string>4</string>
			<key>isa</key>
			<string>PBXFileReference</string>
			<key>lastKnownFileType</key>
			<string>sourcecode.c.objc</string>
			<key>path</key>
			<string>AMWidescreenTallLayout.m</string>
			<key>sourceTree</key>
			<string>&lt;group&gt;</string>
		</dict>
		<key>40A0A1FA18F1B401000B7614</key>
		<dict>
			<key>fileRef</key>
			<string>40A0A1F918F1B401000B7614</string>
			<key>isa</key>
			<string>PBXBuildFile</string>
		</dict>
		<key>40A0A1FB18F1B401000B7614</key>
		<dict>
			<key>fileRef</key>
			<string>40A0A1F918F1B401000B7614</string>
			<key>isa</key>
			<string>PBXBuildFile</string>
		</dict>
		<key>40B337DE1745CE2B0001D8FC</key>
		<dict>
			<key>fileEncoding</key>
			<string>4</string>
			<key>isa</key>
			<string>PBXFileReference</string>
			<key>lastKnownFileType</key>
			<string>sourcecode.c.h</string>
			<key>path</key>
			<string>AMLayout.h</string>
			<key>sourceTree</key>
			<string>&lt;group&gt;</string>
		</dict>
		<key>40B337DF1745CE2B0001D8FC</key>
		<dict>
			<key>fileEncoding</key>
			<string>4</string>
			<key>isa</key>
			<string>PBXFileReference</string>
			<key>lastKnownFileType</key>
			<string>sourcecode.c.objc</string>
			<key>path</key>
			<string>AMLayout.m</string>
			<key>sourceTree</key>
			<string>&lt;group&gt;</string>
		</dict>
		<key>40B337E01745CE2B0001D8FC</key>
		<dict>
			<key>fileRef</key>
			<string>40B337DF1745CE2B0001D8FC</string>
			<key>isa</key>
			<string>PBXBuildFile</string>
		</dict>
		<key>40B337E11745CE340001D8FC</key>
		<dict>
			<key>children</key>
			<array>
				<string>023D3F211856828C00391BEC</string>
				<string>023D3F221856828C00391BEC</string>
				<string>40B337DE1745CE2B0001D8FC</string>
				<string>40B337DF1745CE2B0001D8FC</string>
				<string>40B337E21745D0620001D8FC</string>
				<string>40B337E31745D0620001D8FC</string>
				<string>40B337E917465ADF0001D8FC</string>
				<string>40B337EA17465AE00001D8FC</string>
				<string>40D82EFF17695D8B00DE1A40</string>
				<string>40D82F0017695D8B00DE1A40</string>
				<string>40D82F06176A22A800DE1A40</string>
				<string>40D82F07176A22A900DE1A40</string>
				<string>5C09C2A918C1400F00CF5E6A</string>
				<string>5C09C2AA18C1400F00CF5E6A</string>
				<string>40A0A1F818F1B400000B7614</string>
				<string>40A0A1F918F1B401000B7614</string>
			</array>
			<key>isa</key>
			<string>PBXGroup</string>
			<key>name</key>
			<string>Layout</string>
			<key>sourceTree</key>
			<string>&lt;group&gt;</string>
		</dict>
		<key>40B337E21745D0620001D8FC</key>
		<dict>
			<key>fileEncoding</key>
			<string>4</string>
			<key>isa</key>
			<string>PBXFileReference</string>
			<key>lastKnownFileType</key>
			<string>sourcecode.c.h</string>
			<key>path</key>
			<string>AMFullscreenLayout.h</string>
			<key>sourceTree</key>
			<string>&lt;group&gt;</string>
		</dict>
		<key>40B337E31745D0620001D8FC</key>
		<dict>
			<key>fileEncoding</key>
			<string>4</string>
			<key>isa</key>
			<string>PBXFileReference</string>
			<key>lastKnownFileType</key>
			<string>sourcecode.c.objc</string>
			<key>path</key>
			<string>AMFullscreenLayout.m</string>
			<key>sourceTree</key>
			<string>&lt;group&gt;</string>
		</dict>
		<key>40B337E41745D0620001D8FC</key>
		<dict>
			<key>fileRef</key>
			<string>40B337E31745D0620001D8FC</string>
			<key>isa</key>
			<string>PBXBuildFile</string>
		</dict>
		<key>40B337E51745D1600001D8FC</key>
		<dict>
			<key>children</key>
			<array>
				<string>4015D9AE175054D200548DBE</string>
				<string>4015D9AF175054D200548DBE</string>
				<string>404B0FFB1800EF7700309019</string>
				<string>404B0FFC1800EF7700309019</string>
				<string>401A406F1801C82B00136DC9</string>
				<string>401A40701801C82B00136DC9</string>
				<string>40F48BCF19D9BF8D0085453B</string>
				<string>40F48BD019D9BF8D0085453B</string>
			</array>
			<key>isa</key>
			<string>PBXGroup</string>
			<key>name</key>
			<string>Categories</string>
			<key>sourceTree</key>
			<string>&lt;group&gt;</string>
		</dict>
		<key>40B337E917465ADF0001D8FC</key>
		<dict>
			<key>fileEncoding</key>
			<string>4</string>
			<key>isa</key>
			<string>PBXFileReference</string>
			<key>lastKnownFileType</key>
			<string>sourcecode.c.h</string>
			<key>path</key>
			<string>AMTallLayout.h</string>
			<key>sourceTree</key>
			<string>&lt;group&gt;</string>
		</dict>
		<key>40B337EA17465AE00001D8FC</key>
		<dict>
			<key>fileEncoding</key>
			<string>4</string>
			<key>isa</key>
			<string>PBXFileReference</string>
			<key>lastKnownFileType</key>
			<string>sourcecode.c.objc</string>
			<key>path</key>
			<string>AMTallLayout.m</string>
			<key>sourceTree</key>
			<string>&lt;group&gt;</string>
		</dict>
		<key>40B337EB17465AE00001D8FC</key>
		<dict>
			<key>fileRef</key>
			<string>40B337EA17465AE00001D8FC</string>
			<key>isa</key>
			<string>PBXBuildFile</string>
		</dict>
		<key>40B337EC1746D8540001D8FC</key>
		<dict>
			<key>fileEncoding</key>
			<string>4</string>
			<key>isa</key>
			<string>PBXFileReference</string>
			<key>lastKnownFileType</key>
			<string>sourcecode.c.h</string>
			<key>path</key>
			<string>AMHotKeyManager.h</string>
			<key>sourceTree</key>
			<string>&lt;group&gt;</string>
		</dict>
		<key>40B337ED1746D8540001D8FC</key>
		<dict>
			<key>fileEncoding</key>
			<string>4</string>
			<key>isa</key>
			<string>PBXFileReference</string>
			<key>lastKnownFileType</key>
			<string>sourcecode.c.objc</string>
			<key>path</key>
			<string>AMHotKeyManager.m</string>
			<key>sourceTree</key>
			<string>&lt;group&gt;</string>
		</dict>
		<key>40B337EE1746D8550001D8FC</key>
		<dict>
			<key>fileRef</key>
			<string>40B337ED1746D8540001D8FC</string>
			<key>isa</key>
			<string>PBXBuildFile</string>
		</dict>
		<key>40B337EF174935ED0001D8FC</key>
		<dict>
			<key>children</key>
			<array>
				<string>40B337EC1746D8540001D8FC</string>
				<string>40B337ED1746D8540001D8FC</string>
			</array>
			<key>isa</key>
			<string>PBXGroup</string>
			<key>name</key>
			<string>Event Handling</string>
			<key>sourceTree</key>
			<string>&lt;group&gt;</string>
		</dict>
		<key>40B337F617495D7D0001D8FC</key>
		<dict>
			<key>fileEncoding</key>
			<string>4</string>
			<key>isa</key>
			<string>PBXFileReference</string>
			<key>lastKnownFileType</key>
			<string>sourcecode.c.h</string>
			<key>path</key>
			<string>AMConfiguration.h</string>
			<key>sourceTree</key>
			<string>&lt;group&gt;</string>
		</dict>
		<key>40B337F717495D7D0001D8FC</key>
		<dict>
			<key>fileEncoding</key>
			<string>4</string>
			<key>isa</key>
			<string>PBXFileReference</string>
			<key>lastKnownFileType</key>
			<string>sourcecode.c.objc</string>
			<key>path</key>
			<string>AMConfiguration.m</string>
			<key>sourceTree</key>
			<string>&lt;group&gt;</string>
		</dict>
		<key>40B337F817495D7D0001D8FC</key>
		<dict>
			<key>fileRef</key>
			<string>40B337F717495D7D0001D8FC</string>
			<key>isa</key>
			<string>PBXBuildFile</string>
		</dict>
		<key>40B337F9174993D40001D8FC</key>
		<dict>
			<key>fileEncoding</key>
			<string>4</string>
			<key>isa</key>
			<string>PBXFileReference</string>
			<key>lastKnownFileType</key>
			<string>sourcecode.c.h</string>
			<key>path</key>
			<string>AMScreenManager.h</string>
			<key>sourceTree</key>
			<string>&lt;group&gt;</string>
		</dict>
		<key>40B337FA174993D40001D8FC</key>
		<dict>
			<key>fileEncoding</key>
			<string>4</string>
			<key>isa</key>
			<string>PBXFileReference</string>
			<key>lastKnownFileType</key>
			<string>sourcecode.c.objc</string>
			<key>path</key>
			<string>AMScreenManager.m</string>
			<key>sourceTree</key>
			<string>&lt;group&gt;</string>
		</dict>
		<key>40B337FB174993D40001D8FC</key>
		<dict>
			<key>fileRef</key>
			<string>40B337FA174993D40001D8FC</string>
			<key>isa</key>
			<string>PBXBuildFile</string>
		</dict>
		<key>40B3927B1814967F009A296B</key>
		<dict>
			<key>fileEncoding</key>
			<string>4</string>
			<key>isa</key>
			<string>PBXFileReference</string>
			<key>lastKnownFileType</key>
			<string>file.xib</string>
			<key>path</key>
			<string>AMLayoutNameWindow.xib</string>
			<key>sourceTree</key>
			<string>&lt;group&gt;</string>
		</dict>
		<key>40B3927C1814967F009A296B</key>
		<dict>
			<key>fileRef</key>
			<string>40B3927B1814967F009A296B</string>
			<key>isa</key>
			<string>PBXBuildFile</string>
		</dict>
		<key>40B3927D1814967F009A296B</key>
		<dict>
			<key>fileRef</key>
			<string>40B3927B1814967F009A296B</string>
			<key>isa</key>
			<string>PBXBuildFile</string>
		</dict>
		<key>40B392831814977D009A296B</key>
		<dict>
			<key>children</key>
			<array>
				<string>40B3927B1814967F009A296B</string>
				<string>40B39284181497C0009A296B</string>
				<string>40B39285181497C0009A296B</string>
			</array>
			<key>isa</key>
			<string>PBXGroup</string>
			<key>name</key>
			<string>View</string>
			<key>sourceTree</key>
			<string>&lt;group&gt;</string>
		</dict>
		<key>40B39284181497C0009A296B</key>
		<dict>
			<key>fileEncoding</key>
			<string>4</string>
			<key>isa</key>
			<string>PBXFileReference</string>
			<key>lastKnownFileType</key>
			<string>sourcecode.c.h</string>
			<key>path</key>
			<string>AMLayoutNameWindow.h</string>
			<key>sourceTree</key>
			<string>&lt;group&gt;</string>
		</dict>
		<key>40B39285181497C0009A296B</key>
		<dict>
			<key>fileEncoding</key>
			<string>4</string>
			<key>isa</key>
			<string>PBXFileReference</string>
			<key>lastKnownFileType</key>
			<string>sourcecode.c.objc</string>
			<key>path</key>
			<string>AMLayoutNameWindow.m</string>
			<key>sourceTree</key>
			<string>&lt;group&gt;</string>
		</dict>
		<key>40B39286181497C0009A296B</key>
		<dict>
			<key>fileRef</key>
			<string>40B39285181497C0009A296B</string>
			<key>isa</key>
			<string>PBXBuildFile</string>
		</dict>
		<key>40B39287181497C0009A296B</key>
		<dict>
			<key>fileRef</key>
			<string>40B39285181497C0009A296B</string>
			<key>isa</key>
			<string>PBXBuildFile</string>
		</dict>
		<key>40C90FE417A330E900CE174B</key>
		<dict>
			<key>fileEncoding</key>
			<string>4</string>
			<key>isa</key>
			<string>PBXFileReference</string>
			<key>lastKnownFileType</key>
			<string>sourcecode.c.h</string>
			<key>path</key>
			<string>AMPrefixImport.h</string>
			<key>sourceTree</key>
			<string>&lt;group&gt;</string>
		</dict>
		<key>40CD2F95176D0F4A00251338</key>
		<dict>
			<key>buildActionMask</key>
			<string>2147483647</string>
			<key>dstPath</key>
			<string></string>
			<key>dstSubfolderSpec</key>
			<string>10</string>
			<key>files</key>
			<array>
				<string>408D394919C7CB760001981F</string>
				<string>4028709019BDECCB00C02061</string>
			</array>
			<key>isa</key>
			<string>PBXCopyFilesBuildPhase</string>
			<key>runOnlyForDeploymentPostprocessing</key>
			<string>0</string>
		</dict>
		<key>40D82EFF17695D8B00DE1A40</key>
		<dict>
			<key>fileEncoding</key>
			<string>4</string>
			<key>isa</key>
			<string>PBXFileReference</string>
			<key>lastKnownFileType</key>
			<string>sourcecode.c.h</string>
			<key>path</key>
			<string>AMColumnLayout.h</string>
			<key>sourceTree</key>
			<string>&lt;group&gt;</string>
		</dict>
		<key>40D82F0017695D8B00DE1A40</key>
		<dict>
			<key>fileEncoding</key>
			<string>4</string>
			<key>isa</key>
			<string>PBXFileReference</string>
			<key>lastKnownFileType</key>
			<string>sourcecode.c.objc</string>
			<key>path</key>
			<string>AMColumnLayout.m</string>
			<key>sourceTree</key>
			<string>&lt;group&gt;</string>
		</dict>
		<key>40D82F0117695D8B00DE1A40</key>
		<dict>
			<key>fileRef</key>
			<string>40D82F0017695D8B00DE1A40</string>
			<key>isa</key>
			<string>PBXBuildFile</string>
		</dict>
		<key>40D82F0217695D8B00DE1A40</key>
		<dict>
			<key>fileRef</key>
			<string>40D82F0017695D8B00DE1A40</string>
			<key>isa</key>
			<string>PBXBuildFile</string>
		</dict>
		<key>40D82F0317695F8600DE1A40</key>
		<dict>
			<key>fileEncoding</key>
			<string>4</string>
			<key>isa</key>
			<string>PBXFileReference</string>
			<key>lastKnownFileType</key>
			<string>sourcecode.c.objc</string>
			<key>path</key>
			<string>AMColumnLayoutTest.m</string>
			<key>sourceTree</key>
			<string>&lt;group&gt;</string>
		</dict>
		<key>40D82F0517695F8600DE1A40</key>
		<dict>
			<key>fileRef</key>
			<string>40D82F0317695F8600DE1A40</string>
			<key>isa</key>
			<string>PBXBuildFile</string>
		</dict>
		<key>40D82F06176A22A800DE1A40</key>
		<dict>
			<key>fileEncoding</key>
			<string>4</string>
			<key>isa</key>
			<string>PBXFileReference</string>
			<key>lastKnownFileType</key>
			<string>sourcecode.c.h</string>
			<key>path</key>
			<string>AMWideLayout.h</string>
			<key>sourceTree</key>
			<string>&lt;group&gt;</string>
		</dict>
		<key>40D82F07176A22A900DE1A40</key>
		<dict>
			<key>fileEncoding</key>
			<string>4</string>
			<key>isa</key>
			<string>PBXFileReference</string>
			<key>lastKnownFileType</key>
			<string>sourcecode.c.objc</string>
			<key>path</key>
			<string>AMWideLayout.m</string>
			<key>sourceTree</key>
			<string>&lt;group&gt;</string>
		</dict>
		<key>40D82F08176A22A900DE1A40</key>
		<dict>
			<key>fileRef</key>
			<string>40D82F07176A22A900DE1A40</string>
			<key>isa</key>
			<string>PBXBuildFile</string>
		</dict>
		<key>40D82F09176A22A900DE1A40</key>
		<dict>
			<key>fileRef</key>
			<string>40D82F07176A22A900DE1A40</string>
			<key>isa</key>
			<string>PBXBuildFile</string>
		</dict>
		<key>40E705D7176EAD7800850DA6</key>
		<dict>
			<key>fileEncoding</key>
			<string>4</string>
			<key>isa</key>
			<string>PBXFileReference</string>
			<key>lastKnownFileType</key>
			<string>text</string>
			<key>path</key>
			<string>default.amethyst</string>
			<key>sourceTree</key>
			<string>&lt;group&gt;</string>
		</dict>
		<key>40E705D8176EAD7800850DA6</key>
		<dict>
			<key>fileRef</key>
			<string>40E705D7176EAD7800850DA6</string>
			<key>isa</key>
			<string>PBXBuildFile</string>
		</dict>
		<key>40E705D9176EAD7800850DA6</key>
		<dict>
			<key>fileRef</key>
			<string>40E705D7176EAD7800850DA6</string>
			<key>isa</key>
			<string>PBXBuildFile</string>
		</dict>
		<key>40F48BCF19D9BF8D0085453B</key>
		<dict>
			<key>fileEncoding</key>
			<string>4</string>
			<key>isa</key>
			<string>PBXFileReference</string>
			<key>lastKnownFileType</key>
			<string>sourcecode.c.h</string>
			<key>path</key>
			<string>NSScreen+Amethyst.h</string>
			<key>sourceTree</key>
			<string>&lt;group&gt;</string>
		</dict>
		<key>40F48BD019D9BF8D0085453B</key>
		<dict>
			<key>fileEncoding</key>
			<string>4</string>
			<key>isa</key>
			<string>PBXFileReference</string>
			<key>lastKnownFileType</key>
			<string>sourcecode.c.objc</string>
			<key>path</key>
			<string>NSScreen+Amethyst.m</string>
			<key>sourceTree</key>
			<string>&lt;group&gt;</string>
		</dict>
		<key>40F48BD119D9BF8D0085453B</key>
		<dict>
			<key>fileRef</key>
			<string>40F48BD019D9BF8D0085453B</string>
			<key>isa</key>
			<string>PBXBuildFile</string>
		</dict>
		<key>43BE96256148A252A0EDDBE5</key>
		<dict>
			<key>includeInIndex</key>
			<string>1</string>
			<key>isa</key>
			<string>PBXFileReference</string>
			<key>lastKnownFileType</key>
			<string>text.xcconfig</string>
			<key>name</key>
			<string>Pods.release.xcconfig</string>
			<key>path</key>
			<string>Pods/Target Support Files/Pods/Pods.release.xcconfig</string>
			<key>sourceTree</key>
			<string>&lt;group&gt;</string>
		</dict>
		<key>5C09C2A918C1400F00CF5E6A</key>
		<dict>
			<key>fileEncoding</key>
			<string>4</string>
			<key>isa</key>
			<string>PBXFileReference</string>
			<key>lastKnownFileType</key>
			<string>sourcecode.c.h</string>
			<key>path</key>
			<string>AMRowLayout.h</string>
			<key>sourceTree</key>
			<string>&lt;group&gt;</string>
		</dict>
		<key>5C09C2AA18C1400F00CF5E6A</key>
		<dict>
			<key>fileEncoding</key>
			<string>4</string>
			<key>isa</key>
			<string>PBXFileReference</string>
			<key>lastKnownFileType</key>
			<string>sourcecode.c.objc</string>
			<key>path</key>
			<string>AMRowLayout.m</string>
			<key>sourceTree</key>
			<string>&lt;group&gt;</string>
		</dict>
		<key>5C09C2AB18C1400F00CF5E6A</key>
		<dict>
			<key>fileRef</key>
			<string>5C09C2AA18C1400F00CF5E6A</string>
			<key>isa</key>
			<string>PBXBuildFile</string>
		</dict>
		<key>5CC5FEE618C5083500895144</key>
		<dict>
			<key>fileEncoding</key>
			<string>4</string>
			<key>isa</key>
			<string>PBXFileReference</string>
			<key>lastKnownFileType</key>
			<string>sourcecode.c.objc</string>
			<key>path</key>
			<string>AMRowLayoutTest.m</string>
			<key>sourceTree</key>
			<string>&lt;group&gt;</string>
		</dict>
		<key>5CC5FEE718C5083500895144</key>
		<dict>
			<key>fileRef</key>
			<string>5CC5FEE618C5083500895144</string>
			<key>isa</key>
			<string>PBXBuildFile</string>
		</dict>
		<key>6718BDA0D79F4A19BED950F4</key>
		<dict>
			<key>fileRef</key>
			<string>F3BFE9CAC8A4496793B4217D</string>
			<key>isa</key>
			<string>PBXBuildFile</string>
		</dict>
		<key>75325DC6A6114F52971C92AF</key>
		<dict>
			<key>buildActionMask</key>
			<string>2147483647</string>
			<key>files</key>
			<array/>
			<key>inputPaths</key>
			<array/>
			<key>isa</key>
			<string>PBXShellScriptBuildPhase</string>
			<key>name</key>
			<string>Check Pods Manifest.lock</string>
			<key>outputPaths</key>
			<array/>
			<key>runOnlyForDeploymentPostprocessing</key>
			<string>0</string>
			<key>shellPath</key>
			<string>/bin/sh</string>
			<key>shellScript</key>
			<string>diff "${PODS_ROOT}/../Podfile.lock" "${PODS_ROOT}/Manifest.lock" &gt; /dev/null
if [[ $? != 0 ]] ; then
    cat &lt;&lt; EOM
error: The sandbox is not in sync with the Podfile.lock. Run 'pod install' or update your CocoaPods installation.
EOM
    exit 1
fi
</string>
		</dict>
		<key>7BAAAA0E192A8194B5327A37</key>
		<dict>
			<key>includeInIndex</key>
			<string>1</string>
			<key>isa</key>
			<string>PBXFileReference</string>
			<key>lastKnownFileType</key>
			<string>text.xcconfig</string>
			<key>name</key>
			<string>Pods.debug.xcconfig</string>
			<key>path</key>
			<string>Pods/Target Support Files/Pods/Pods.debug.xcconfig</string>
			<key>sourceTree</key>
			<string>&lt;group&gt;</string>
		</dict>
		<key>A45D6998D05F454B956A7978</key>
		<dict>
			<key>buildActionMask</key>
			<string>2147483647</string>
			<key>files</key>
			<array/>
			<key>inputPaths</key>
			<array/>
			<key>isa</key>
			<string>PBXShellScriptBuildPhase</string>
			<key>name</key>
			<string>Copy Pods Resources</string>
			<key>outputPaths</key>
			<array/>
			<key>runOnlyForDeploymentPostprocessing</key>
			<string>0</string>
			<key>shellPath</key>
			<string>/bin/sh</string>
			<key>shellScript</key>
			<string>"${SRCROOT}/Pods/Target Support Files/Pods/Pods-resources.sh"
</string>
		</dict>
		<key>B0530B06777D42039F419322</key>
		<dict>
			<key>explicitFileType</key>
			<string>archive.ar</string>
			<key>includeInIndex</key>
			<string>0</string>
			<key>isa</key>
			<string>PBXFileReference</string>
			<key>path</key>
			<string>libPods.a</string>
			<key>sourceTree</key>
			<string>BUILT_PRODUCTS_DIR</string>
		</dict>
		<key>C226F91CEBCF40B2B1E905D2</key>
		<dict>
			<key>buildActionMask</key>
			<string>2147483647</string>
			<key>files</key>
			<array/>
			<key>inputPaths</key>
			<array/>
			<key>isa</key>
			<string>PBXShellScriptBuildPhase</string>
			<key>name</key>
			<string>Check Pods Manifest.lock</string>
			<key>outputPaths</key>
			<array/>
			<key>runOnlyForDeploymentPostprocessing</key>
			<string>0</string>
			<key>shellPath</key>
			<string>/bin/sh</string>
			<key>shellScript</key>
			<string>diff "${PODS_ROOT}/../Podfile.lock" "${PODS_ROOT}/Manifest.lock" &gt; /dev/null
if [[ $? != 0 ]] ; then
    cat &lt;&lt; EOM
error: The sandbox is not in sync with the Podfile.lock. Run 'pod install' or update your CocoaPods installation.
EOM
    exit 1
fi
</string>
		</dict>
		<key>F3BFE9CAC8A4496793B4217D</key>
		<dict>
			<key>explicitFileType</key>
			<string>archive.ar</string>
			<key>includeInIndex</key>
			<string>0</string>
			<key>isa</key>
			<string>PBXFileReference</string>
			<key>path</key>
			<string>libPods-AmethystTests.a</string>
			<key>sourceTree</key>
			<string>BUILT_PRODUCTS_DIR</string>
		</dict>
		<key>F849B0C3203E92DF484436DB</key>
		<dict>
			<key>includeInIndex</key>
			<string>1</string>
			<key>isa</key>
			<string>PBXFileReference</string>
			<key>lastKnownFileType</key>
			<string>text.xcconfig</string>
			<key>name</key>
			<string>Pods-AmethystTests.debug.xcconfig</string>
			<key>path</key>
			<string>Pods/Target Support Files/Pods-AmethystTests/Pods-AmethystTests.debug.xcconfig</string>
			<key>sourceTree</key>
			<string>&lt;group&gt;</string>
		</dict>
	</dict>
	<key>rootObject</key>
	<string>402DB6D61742E41A00D1C936</string>
</dict>
</plist>
