// !$*UTF8*$!
{
	archiveVersion = 1;
	classes = {
	};
	objectVersion = 46;
	objects = {

/* Begin PBXBuildFile section */
		1A4B46EB20AA7717003D5110 /* NSTableView+Amethyst.swift in Sources */ = {isa = PBXBuildFile; fileRef = 1A4B46EA20AA7717003D5110 /* NSTableView+Amethyst.swift */; };
		2A6D9A4125E5D24D006A36B5 /* AppManager.swift in Sources */ = {isa = PBXBuildFile; fileRef = 2A6D9A4025E5D24D006A36B5 /* AppManager.swift */; };
		4000DB10239CA07000365A0C /* WideLayoutTests.swift in Sources */ = {isa = PBXBuildFile; fileRef = 4000DB0F239CA07000365A0C /* WideLayoutTests.swift */; };
		400540F22325CDF4004B8656 /* Reliability.swift in Sources */ = {isa = PBXBuildFile; fileRef = 400540F12325CDF4004B8656 /* Reliability.swift */; };
		4006CF881CDFF5F6004CA512 /* NSRunningApplication+Manageable.swift in Sources */ = {isa = PBXBuildFile; fileRef = 4006CF871CDFF5F6004CA512 /* NSRunningApplication+Manageable.swift */; };
		4006CF8E1CDFFE90004CA512 /* AppDelegate.swift in Sources */ = {isa = PBXBuildFile; fileRef = 4006CF8D1CDFFE90004CA512 /* AppDelegate.swift */; };
		4006CF901CE017BA004CA512 /* UserConfiguration.swift in Sources */ = {isa = PBXBuildFile; fileRef = 4006CF8F1CE017BA004CA512 /* UserConfiguration.swift */; };
		400A5E9D2327350C00F0A2C3 /* Space.swift in Sources */ = {isa = PBXBuildFile; fileRef = 400A5E9C2327350C00F0A2C3 /* Space.swift */; };
		40111CC9223370FD003D20BD /* SIWindow+AmethystTests.swift in Sources */ = {isa = PBXBuildFile; fileRef = 40111CC8223370FD003D20BD /* SIWindow+AmethystTests.swift */; };
		40111CCB22342CC4003D20BD /* DebugPreferencesViewController.swift in Sources */ = {isa = PBXBuildFile; fileRef = 40111CCA22342CC4003D20BD /* DebugPreferencesViewController.swift */; };
		40111CCD22342CF3003D20BD /* DebugPreferencesViewController.xib in Resources */ = {isa = PBXBuildFile; fileRef = 40111CCC22342CF3003D20BD /* DebugPreferencesViewController.xib */; };
		401BBCB62333067F005118F8 /* ColumnLayoutTests.swift in Sources */ = {isa = PBXBuildFile; fileRef = 401BBCB52333067F005118F8 /* ColumnLayoutTests.swift */; };
		401BC8981CE7E45300F89B3F /* WindowManager.swift in Sources */ = {isa = PBXBuildFile; fileRef = 401BC8971CE7E45300F89B3F /* WindowManager.swift */; };
		401BC89A1CE8C6AE00F89B3F /* HotKeyManager.swift in Sources */ = {isa = PBXBuildFile; fileRef = 401BC8991CE8C6AE00F89B3F /* HotKeyManager.swift */; };
		401BC89C1CE8D58A00F89B3F /* ShortcutsPreferencesListItemView.swift in Sources */ = {isa = PBXBuildFile; fileRef = 401BC89B1CE8D58A00F89B3F /* ShortcutsPreferencesListItemView.swift */; };
		401BC8A21CE8D86B00F89B3F /* ShortcutsPreferencesViewController.swift in Sources */ = {isa = PBXBuildFile; fileRef = 401BC8A11CE8D86B00F89B3F /* ShortcutsPreferencesViewController.swift */; };
		401BC8A41CE8DB0800F89B3F /* GeneralPreferencesViewController.swift in Sources */ = {isa = PBXBuildFile; fileRef = 401BC8A31CE8DB0800F89B3F /* GeneralPreferencesViewController.swift */; };
		401BC8A61CE8E65D00F89B3F /* LayoutNameWindow.swift in Sources */ = {isa = PBXBuildFile; fileRef = 401BC8A51CE8E65D00F89B3F /* LayoutNameWindow.swift */; };
		401BC8A81CE8E94000F89B3F /* WindowsInformation.swift in Sources */ = {isa = PBXBuildFile; fileRef = 401BC8A71CE8E94000F89B3F /* WindowsInformation.swift */; };
		401BC8AE1CE8FD4700F89B3F /* UserConfigurationTests.swift in Sources */ = {isa = PBXBuildFile; fileRef = 401BC8AD1CE8FD4700F89B3F /* UserConfigurationTests.swift */; };
		401BC8B41CE9250800F89B3F /* HotKeyRegistrar.swift in Sources */ = {isa = PBXBuildFile; fileRef = 401BC8B31CE9250800F89B3F /* HotKeyRegistrar.swift */; };
		401BC8B61CE9259000F89B3F /* LayoutType.swift in Sources */ = {isa = PBXBuildFile; fileRef = 401BC8B51CE9259000F89B3F /* LayoutType.swift */; };
		401BC8BA1CE9319500F89B3F /* FocusFollowsMouseManager.swift in Sources */ = {isa = PBXBuildFile; fileRef = 401BC8B91CE9319500F89B3F /* FocusFollowsMouseManager.swift */; };
		401C35AF2241BBDD0019ED07 /* ReflowOperation.swift in Sources */ = {isa = PBXBuildFile; fileRef = 401C35AE2241BBDD0019ED07 /* ReflowOperation.swift */; };
		401C35B12244626E0019ED07 /* ApplicationObservation.swift in Sources */ = {isa = PBXBuildFile; fileRef = 401C35B02244626E0019ED07 /* ApplicationObservation.swift */; };
		401C35B32244650F0019ED07 /* MouseState.swift in Sources */ = {isa = PBXBuildFile; fileRef = 401C35B22244650F0019ED07 /* MouseState.swift */; };
		401C35B522482EAF0019ED07 /* WindowTransitionCoordinator.swift in Sources */ = {isa = PBXBuildFile; fileRef = 401C35B422482EAF0019ED07 /* WindowTransitionCoordinator.swift */; };
		401C35B7224831470019ED07 /* FocusTransitionCoordinator.swift in Sources */ = {isa = PBXBuildFile; fileRef = 401C35B6224831470019ED07 /* FocusTransitionCoordinator.swift */; };
		4029C4F11C112478001E4788 /* Layout.swift in Sources */ = {isa = PBXBuildFile; fileRef = 4029C4F01C112478001E4788 /* Layout.swift */; };
		402DB6E21742E41A00D1C936 /* Cocoa.framework in Frameworks */ = {isa = PBXBuildFile; fileRef = 402DB6E11742E41A00D1C936 /* Cocoa.framework */; };
		402DB6EC1742E41A00D1C936 /* InfoPlist.strings in Resources */ = {isa = PBXBuildFile; fileRef = 402DB6EA1742E41A00D1C936 /* InfoPlist.strings */; };
		402DB6F21742E41A00D1C936 /* Credits.rtf in Resources */ = {isa = PBXBuildFile; fileRef = 402DB6F01742E41A00D1C936 /* Credits.rtf */; };
		402DB6F81742E41A00D1C936 /* MainMenu.xib in Resources */ = {isa = PBXBuildFile; fileRef = 402DB6F61742E41A00D1C936 /* MainMenu.xib */; };
		402DB6FF1742E44E00D1C936 /* Carbon.framework in Frameworks */ = {isa = PBXBuildFile; fileRef = 402DB6FE1742E44E00D1C936 /* Carbon.framework */; };
		403E1A2A2337173600DB7B2A /* FloatingLayoutTests.swift in Sources */ = {isa = PBXBuildFile; fileRef = 403E1A292337173600DB7B2A /* FloatingLayoutTests.swift */; };
		403E1A2C233719E500DB7B2A /* TallLayoutTests.swift in Sources */ = {isa = PBXBuildFile; fileRef = 403E1A2B233719E500DB7B2A /* TallLayoutTests.swift */; };
		4045416F268FFDA000861BE8 /* CustomLayout.swift in Sources */ = {isa = PBXBuildFile; fileRef = 4045416E268FFDA000861BE8 /* CustomLayout.swift */; };
		4046EFCF2236019400113067 /* Window.swift in Sources */ = {isa = PBXBuildFile; fileRef = 4046EFCE2236019400113067 /* Window.swift */; };
		4046EFD12238949900113067 /* Application.swift in Sources */ = {isa = PBXBuildFile; fileRef = 4046EFD02238949900113067 /* Application.swift */; };
		404BE9CE1CFBB6E900D6C537 /* BinarySpacePartitioningLayout.swift in Sources */ = {isa = PBXBuildFile; fileRef = 404BE9CD1CFBB6E900D6C537 /* BinarySpacePartitioningLayout.swift */; };
		404BE9D11CFBDF1900D6C537 /* BinarySpacePartitioningLayoutTests.swift in Sources */ = {isa = PBXBuildFile; fileRef = 404BE9D01CFBDF1900D6C537 /* BinarySpacePartitioningLayoutTests.swift */; };
		40578C19232D9CC0006553A0 /* Screen.swift in Sources */ = {isa = PBXBuildFile; fileRef = 40578C18232D9CC0006553A0 /* Screen.swift */; };
		40578C1B232DC607006553A0 /* TestScreen.swift in Sources */ = {isa = PBXBuildFile; fileRef = 40578C1A232DC607006553A0 /* TestScreen.swift */; };
		4058C46F1C4B119500B19D26 /* LayoutNameWindowController.swift in Sources */ = {isa = PBXBuildFile; fileRef = 4058C46E1C4B119500B19D26 /* LayoutNameWindowController.swift */; };
		4058C47A1C54113D00B19D26 /* GeneralPreferencesViewController.xib in Resources */ = {isa = PBXBuildFile; fileRef = 4058C4791C54113D00B19D26 /* GeneralPreferencesViewController.xib */; };
		4058C47E1C54119B00B19D26 /* ShortcutsPreferencesViewController.xib in Resources */ = {isa = PBXBuildFile; fileRef = 4058C47D1C54119B00B19D26 /* ShortcutsPreferencesViewController.xib */; };
		4062AD2B1C1F99EA00DB612B /* FloatingLayout.swift in Sources */ = {isa = PBXBuildFile; fileRef = 4062AD2A1C1F99EA00DB612B /* FloatingLayout.swift */; };
		4062AD2D1C1F9B8B00DB612B /* FullscreenLayout.swift in Sources */ = {isa = PBXBuildFile; fileRef = 4062AD2C1C1F9B8B00DB612B /* FullscreenLayout.swift */; };
		4062AD2F1C1F9D6B00DB612B /* TallLayout.swift in Sources */ = {isa = PBXBuildFile; fileRef = 4062AD2E1C1F9D6B00DB612B /* TallLayout.swift */; };
		4062AD311C1FA29600DB612B /* TallRightLayout.swift in Sources */ = {isa = PBXBuildFile; fileRef = 4062AD301C1FA29600DB612B /* TallRightLayout.swift */; };
		4062AD331C1FA48C00DB612B /* ColumnLayout.swift in Sources */ = {isa = PBXBuildFile; fileRef = 4062AD321C1FA48C00DB612B /* ColumnLayout.swift */; };
		4062AD351C1FA62500DB612B /* WideLayout.swift in Sources */ = {isa = PBXBuildFile; fileRef = 4062AD341C1FA62500DB612B /* WideLayout.swift */; };
		4062AD371C1FA83300DB612B /* RowLayout.swift in Sources */ = {isa = PBXBuildFile; fileRef = 4062AD361C1FA83300DB612B /* RowLayout.swift */; };
		4062AD3B1C206EA900DB612B /* WidescreenTallLayout.swift in Sources */ = {isa = PBXBuildFile; fileRef = 4062AD3A1C206EA900DB612B /* WidescreenTallLayout.swift */; };
		40637073224EF9B20081299D /* Change.swift in Sources */ = {isa = PBXBuildFile; fileRef = 40637072224EF9B20081299D /* Change.swift */; };
		40637075224EFED70081299D /* CGInfo.swift in Sources */ = {isa = PBXBuildFile; fileRef = 40637074224EFED70081299D /* CGInfo.swift */; };
		40637077224F0EFF0081299D /* Screens.swift in Sources */ = {isa = PBXBuildFile; fileRef = 40637076224F0EFF0081299D /* Screens.swift */; };
		4085824C1EA673AE0075A2C3 /* HotKeyManagerTests.swift in Sources */ = {isa = PBXBuildFile; fileRef = 4085824B1EA673AE0075A2C3 /* HotKeyManagerTests.swift */; };
		409645B31CEE8D950042F459 /* LogManager.swift in Sources */ = {isa = PBXBuildFile; fileRef = 409645B21CEE8D950042F459 /* LogManager.swift */; };
		40A7AEA7232ECF3000E79964 /* Windows.swift in Sources */ = {isa = PBXBuildFile; fileRef = 40A7AEA6232ECF3000E79964 /* Windows.swift */; };
		40A87FDC2404AEAD005EE9C6 /* main.swift in Sources */ = {isa = PBXBuildFile; fileRef = 40A87FDB2404AEAD005EE9C6 /* main.swift */; };
		40A87FFD2404B1B4005EE9C6 /* DebugInfo.swift in Sources */ = {isa = PBXBuildFile; fileRef = 40A87FFC2404B1B4005EE9C6 /* DebugInfo.swift */; };
		40A87FFF240AF2BC005EE9C6 /* MousePreferencesViewController.swift in Sources */ = {isa = PBXBuildFile; fileRef = 40A87FFE240AF2BC005EE9C6 /* MousePreferencesViewController.swift */; };
		40A88001240AF2D5005EE9C6 /* MousePreferencesViewController.xib in Resources */ = {isa = PBXBuildFile; fileRef = 40A88000240AF2D5005EE9C6 /* MousePreferencesViewController.xib */; };
		40A88003240C40BC005EE9C6 /* LayoutsPreferencesViewController.swift in Sources */ = {isa = PBXBuildFile; fileRef = 40A88002240C40BC005EE9C6 /* LayoutsPreferencesViewController.swift */; };
		40A88005240C40D0005EE9C6 /* LayoutsPreferencesViewController.xib in Resources */ = {isa = PBXBuildFile; fileRef = 40A88004240C40D0005EE9C6 /* LayoutsPreferencesViewController.xib */; };
		40AB5BE923AB0A2B00E29346 /* TallRightLayoutTests.swift in Sources */ = {isa = PBXBuildFile; fileRef = 40AB5BE823AB0A2B00E29346 /* TallRightLayoutTests.swift */; };
		40AB5BEB23AB182300E29346 /* WidescreenTallLayoutTests.swift in Sources */ = {isa = PBXBuildFile; fileRef = 40AB5BEA23AB182300E29346 /* WidescreenTallLayoutTests.swift */; };
		40AB5BED23AC3CF800E29346 /* ThreeColumnLayoutTests.swift in Sources */ = {isa = PBXBuildFile; fileRef = 40AB5BEC23AC3CF800E29346 /* ThreeColumnLayoutTests.swift */; };
		40AF71DA20BB348300F58EA9 /* Images.xcassets in Resources */ = {isa = PBXBuildFile; fileRef = 40AF71D920BB348300F58EA9 /* Images.xcassets */; };
		40AF71DD20BB401400F58EA9 /* FloatingPreferencesViewController.swift in Sources */ = {isa = PBXBuildFile; fileRef = 40AF71DB20BB401400F58EA9 /* FloatingPreferencesViewController.swift */; };
		40AF71DE20BB401400F58EA9 /* FloatingPreferencesViewController.xib in Resources */ = {isa = PBXBuildFile; fileRef = 40AF71DC20BB401400F58EA9 /* FloatingPreferencesViewController.xib */; };
		40B0D145232D2E630021E0A7 /* FullscreenLayoutTests.swift in Sources */ = {isa = PBXBuildFile; fileRef = 40B0D144232D2E630021E0A7 /* FullscreenLayoutTests.swift */; };
		40B0D14B232D944C0021E0A7 /* TestWindow.swift in Sources */ = {isa = PBXBuildFile; fileRef = 40B0D14A232D944C0021E0A7 /* TestWindow.swift */; };
		40B3927C1814967F009A296B /* LayoutNameWindow.xib in Resources */ = {isa = PBXBuildFile; fileRef = 40B3927B1814967F009A296B /* LayoutNameWindow.xib */; };
		40B42F3025315F410000380A /* Sparkle.framework in Frameworks */ = {isa = PBXBuildFile; fileRef = 40B42F2425315D590000380A /* Sparkle.framework */; };
		40B42F3125315F410000380A /* Sparkle.framework in Embed Frameworks */ = {isa = PBXBuildFile; fileRef = 40B42F2425315D590000380A /* Sparkle.framework */; settings = {ATTRIBUTES = (CodeSignOnCopy, RemoveHeadersOnCopy, ); }; };
		40C1357C1F202AEE00FF9FA7 /* PreferencesWindow.swift in Sources */ = {isa = PBXBuildFile; fileRef = 40C1357B1F202AEE00FF9FA7 /* PreferencesWindow.swift */; };
		40C3F91E1BD1B22E00F58660 /* Security.framework in Frameworks */ = {isa = PBXBuildFile; fileRef = 40C3F91A1BD1B22E00F58660 /* Security.framework */; };
		40C3F91F1BD1B22E00F58660 /* SystemConfiguration.framework in Frameworks */ = {isa = PBXBuildFile; fileRef = 40C3F91B1BD1B22E00F58660 /* SystemConfiguration.framework */; };
		40C3F9231BD1B35E00F58660 /* libc++.tbd in Frameworks */ = {isa = PBXBuildFile; fileRef = 40C3F9221BD1B35E00F58660 /* libc++.tbd */; };
		40C3F9251BD1B36C00F58660 /* libz.tbd in Frameworks */ = {isa = PBXBuildFile; fileRef = 40C3F9241BD1B36C00F58660 /* libz.tbd */; };
		40CEF4301C2B8D21004C3297 /* ScreenManager.swift in Sources */ = {isa = PBXBuildFile; fileRef = 40CEF42F1C2B8D21004C3297 /* ScreenManager.swift */; };
		40D491D823367590007E0CCB /* RowLayoutTests.swift in Sources */ = {isa = PBXBuildFile; fileRef = 40D491D723367590007E0CCB /* RowLayoutTests.swift */; };
		40D491DB23367630007E0CCB /* FrameAssignmentVerification.swift in Sources */ = {isa = PBXBuildFile; fileRef = 40D491DA23367630007E0CCB /* FrameAssignmentVerification.swift */; };
		40E705D8176EAD7800850DA6 /* default.amethyst in Resources */ = {isa = PBXBuildFile; fileRef = 40E705D7176EAD7800850DA6 /* default.amethyst */; };
		40EC47F423F3A30100048B4F /* ScreenManagerTests.swift in Sources */ = {isa = PBXBuildFile; fileRef = 40EC47F323F3A30100048B4F /* ScreenManagerTests.swift */; };
		4493EAA22139D9F000AA9623 /* ThreeColumnLayout.swift in Sources */ = {isa = PBXBuildFile; fileRef = 4493EAA12139D9EF00AA9623 /* ThreeColumnLayout.swift */; };
		7D64A455AD3F8FCD86D30E19 /* Pods_AmethystTests.framework in Frameworks */ = {isa = PBXBuildFile; fileRef = A26EB687171B77B8239AF147 /* Pods_AmethystTests.framework */; };
		AA4AF40D26717DA900D2AE1B /* TwoPaneLayout.swift in Sources */ = {isa = PBXBuildFile; fileRef = AA4AF40C26717DA900D2AE1B /* TwoPaneLayout.swift */; };
		AAAC6BAC2677DF7B00BEC1B0 /* TwoPaneLayoutTests.swift in Sources */ = {isa = PBXBuildFile; fileRef = AAAC6BAB2677DF7B00BEC1B0 /* TwoPaneLayoutTests.swift */; };
		ED989E6BAE0E8D035277478A /* Pods_Amethyst.framework in Frameworks */ = {isa = PBXBuildFile; fileRef = 6611384054CC1D59E32FC049 /* Pods_Amethyst.framework */; };
/* End PBXBuildFile section */

/* Begin PBXContainerItemProxy section */
		40D95B4C1C6E2ED800AAF433 /* PBXContainerItemProxy */ = {
			isa = PBXContainerItemProxy;
			containerPortal = 402DB6D61742E41A00D1C936 /* Project object */;
			proxyType = 1;
			remoteGlobalIDString = 402DB6DD1742E41A00D1C936;
			remoteInfo = Amethyst;
		};
/* End PBXContainerItemProxy section */

/* Begin PBXCopyFilesBuildPhase section */
		40B42F3225315F410000380A /* Embed Frameworks */ = {
			isa = PBXCopyFilesBuildPhase;
			buildActionMask = 12;
			dstPath = "";
			dstSubfolderSpec = 10;
			files = (
				40B42F3125315F410000380A /* Sparkle.framework in Embed Frameworks */,
			);
			name = "Embed Frameworks";
			runOnlyForDeploymentPostprocessing = 0;
		};
/* End PBXCopyFilesBuildPhase section */

/* Begin PBXFileReference section */
		1A4B46EA20AA7717003D5110 /* NSTableView+Amethyst.swift */ = {isa = PBXFileReference; lastKnownFileType = sourcecode.swift; path = "NSTableView+Amethyst.swift"; sourceTree = "<group>"; };
		2A6D9A4025E5D24D006A36B5 /* AppManager.swift */ = {isa = PBXFileReference; lastKnownFileType = sourcecode.swift; path = AppManager.swift; sourceTree = "<group>"; };
		4000DB0F239CA07000365A0C /* WideLayoutTests.swift */ = {isa = PBXFileReference; lastKnownFileType = sourcecode.swift; path = WideLayoutTests.swift; sourceTree = "<group>"; };
		400540F12325CDF4004B8656 /* Reliability.swift */ = {isa = PBXFileReference; lastKnownFileType = sourcecode.swift; path = Reliability.swift; sourceTree = "<group>"; };
		4006CF871CDFF5F6004CA512 /* NSRunningApplication+Manageable.swift */ = {isa = PBXFileReference; fileEncoding = 4; lastKnownFileType = sourcecode.swift; path = "NSRunningApplication+Manageable.swift"; sourceTree = "<group>"; };
		4006CF8D1CDFFE90004CA512 /* AppDelegate.swift */ = {isa = PBXFileReference; fileEncoding = 4; lastKnownFileType = sourcecode.swift; path = AppDelegate.swift; sourceTree = "<group>"; };
		4006CF8F1CE017BA004CA512 /* UserConfiguration.swift */ = {isa = PBXFileReference; fileEncoding = 4; lastKnownFileType = sourcecode.swift; path = UserConfiguration.swift; sourceTree = "<group>"; };
		400A5E9C2327350C00F0A2C3 /* Space.swift */ = {isa = PBXFileReference; lastKnownFileType = sourcecode.swift; path = Space.swift; sourceTree = "<group>"; };
		40111CC8223370FD003D20BD /* SIWindow+AmethystTests.swift */ = {isa = PBXFileReference; lastKnownFileType = sourcecode.swift; path = "SIWindow+AmethystTests.swift"; sourceTree = "<group>"; };
		40111CCA22342CC4003D20BD /* DebugPreferencesViewController.swift */ = {isa = PBXFileReference; lastKnownFileType = sourcecode.swift; path = DebugPreferencesViewController.swift; sourceTree = "<group>"; };
		40111CCC22342CF3003D20BD /* DebugPreferencesViewController.xib */ = {isa = PBXFileReference; lastKnownFileType = file.xib; path = DebugPreferencesViewController.xib; sourceTree = "<group>"; };
		401A529824D3B63A004359A4 /* Base */ = {isa = PBXFileReference; lastKnownFileType = file.xib; name = Base; path = Base.lproj/MainMenu.xib; sourceTree = "<group>"; };
		401BBCB52333067F005118F8 /* ColumnLayoutTests.swift */ = {isa = PBXFileReference; lastKnownFileType = sourcecode.swift; path = ColumnLayoutTests.swift; sourceTree = "<group>"; };
		401BC8971CE7E45300F89B3F /* WindowManager.swift */ = {isa = PBXFileReference; fileEncoding = 4; lastKnownFileType = sourcecode.swift; path = WindowManager.swift; sourceTree = "<group>"; };
		401BC8991CE8C6AE00F89B3F /* HotKeyManager.swift */ = {isa = PBXFileReference; fileEncoding = 4; lastKnownFileType = sourcecode.swift; name = HotKeyManager.swift; path = ../Events/HotKeyManager.swift; sourceTree = "<group>"; };
		401BC89B1CE8D58A00F89B3F /* ShortcutsPreferencesListItemView.swift */ = {isa = PBXFileReference; fileEncoding = 4; lastKnownFileType = sourcecode.swift; path = ShortcutsPreferencesListItemView.swift; sourceTree = "<group>"; };
		401BC8A11CE8D86B00F89B3F /* ShortcutsPreferencesViewController.swift */ = {isa = PBXFileReference; fileEncoding = 4; lastKnownFileType = sourcecode.swift; path = ShortcutsPreferencesViewController.swift; sourceTree = "<group>"; };
		401BC8A31CE8DB0800F89B3F /* GeneralPreferencesViewController.swift */ = {isa = PBXFileReference; fileEncoding = 4; lastKnownFileType = sourcecode.swift; path = GeneralPreferencesViewController.swift; sourceTree = "<group>"; };
		401BC8A51CE8E65D00F89B3F /* LayoutNameWindow.swift */ = {isa = PBXFileReference; fileEncoding = 4; lastKnownFileType = sourcecode.swift; path = LayoutNameWindow.swift; sourceTree = "<group>"; };
		401BC8A71CE8E94000F89B3F /* WindowsInformation.swift */ = {isa = PBXFileReference; fileEncoding = 4; lastKnownFileType = sourcecode.swift; path = WindowsInformation.swift; sourceTree = "<group>"; };
		401BC8A91CE8F49200F89B3F /* Amethyst-Bridging-Header.h */ = {isa = PBXFileReference; fileEncoding = 4; lastKnownFileType = sourcecode.c.h; path = "Amethyst-Bridging-Header.h"; sourceTree = "<group>"; };
		401BC8AC1CE8FD4600F89B3F /* AmethystTests-Bridging-Header.h */ = {isa = PBXFileReference; lastKnownFileType = sourcecode.c.h; path = "AmethystTests-Bridging-Header.h"; sourceTree = "<group>"; };
		401BC8AD1CE8FD4700F89B3F /* UserConfigurationTests.swift */ = {isa = PBXFileReference; fileEncoding = 4; lastKnownFileType = sourcecode.swift; path = UserConfigurationTests.swift; sourceTree = "<group>"; };
		401BC8B31CE9250800F89B3F /* HotKeyRegistrar.swift */ = {isa = PBXFileReference; fileEncoding = 4; lastKnownFileType = sourcecode.swift; path = HotKeyRegistrar.swift; sourceTree = "<group>"; };
		401BC8B51CE9259000F89B3F /* LayoutType.swift */ = {isa = PBXFileReference; fileEncoding = 4; lastKnownFileType = sourcecode.swift; path = LayoutType.swift; sourceTree = "<group>"; };
		401BC8B91CE9319500F89B3F /* FocusFollowsMouseManager.swift */ = {isa = PBXFileReference; fileEncoding = 4; lastKnownFileType = sourcecode.swift; path = FocusFollowsMouseManager.swift; sourceTree = "<group>"; };
		401C35AE2241BBDD0019ED07 /* ReflowOperation.swift */ = {isa = PBXFileReference; lastKnownFileType = sourcecode.swift; path = ReflowOperation.swift; sourceTree = "<group>"; };
		401C35B02244626E0019ED07 /* ApplicationObservation.swift */ = {isa = PBXFileReference; lastKnownFileType = sourcecode.swift; path = ApplicationObservation.swift; sourceTree = "<group>"; };
		401C35B22244650F0019ED07 /* MouseState.swift */ = {isa = PBXFileReference; lastKnownFileType = sourcecode.swift; path = MouseState.swift; sourceTree = "<group>"; };
		401C35B422482EAF0019ED07 /* WindowTransitionCoordinator.swift */ = {isa = PBXFileReference; lastKnownFileType = sourcecode.swift; path = WindowTransitionCoordinator.swift; sourceTree = "<group>"; };
		401C35B6224831470019ED07 /* FocusTransitionCoordinator.swift */ = {isa = PBXFileReference; lastKnownFileType = sourcecode.swift; path = FocusTransitionCoordinator.swift; sourceTree = "<group>"; };
		4029C4F01C112478001E4788 /* Layout.swift */ = {isa = PBXFileReference; fileEncoding = 4; lastKnownFileType = sourcecode.swift; path = Layout.swift; sourceTree = "<group>"; };
		402DB6DE1742E41A00D1C936 /* Amethyst.app */ = {isa = PBXFileReference; explicitFileType = wrapper.application; includeInIndex = 0; path = Amethyst.app; sourceTree = BUILT_PRODUCTS_DIR; };
		402DB6E11742E41A00D1C936 /* Cocoa.framework */ = {isa = PBXFileReference; lastKnownFileType = wrapper.framework; name = Cocoa.framework; path = System/Library/Frameworks/Cocoa.framework; sourceTree = SDKROOT; };
		402DB6E41742E41A00D1C936 /* AppKit.framework */ = {isa = PBXFileReference; lastKnownFileType = wrapper.framework; name = AppKit.framework; path = System/Library/Frameworks/AppKit.framework; sourceTree = SDKROOT; };
		402DB6E61742E41A00D1C936 /* Foundation.framework */ = {isa = PBXFileReference; lastKnownFileType = wrapper.framework; name = Foundation.framework; path = System/Library/Frameworks/Foundation.framework; sourceTree = SDKROOT; };
		402DB6E91742E41A00D1C936 /* Amethyst-Info.plist */ = {isa = PBXFileReference; lastKnownFileType = text.plist.xml; path = "Amethyst-Info.plist"; sourceTree = "<group>"; };
		402DB6EB1742E41A00D1C936 /* en */ = {isa = PBXFileReference; lastKnownFileType = text.plist.strings; name = en; path = en.lproj/InfoPlist.strings; sourceTree = "<group>"; };
		402DB6F11742E41A00D1C936 /* en */ = {isa = PBXFileReference; lastKnownFileType = text.rtf; name = en; path = en.lproj/Credits.rtf; sourceTree = "<group>"; };
		402DB6FE1742E44E00D1C936 /* Carbon.framework */ = {isa = PBXFileReference; lastKnownFileType = wrapper.framework; name = Carbon.framework; path = System/Library/Frameworks/Carbon.framework; sourceTree = SDKROOT; };
		40378E22238F39B900D11E22 /* Amethyst.entitlements */ = {isa = PBXFileReference; lastKnownFileType = text.plist.entitlements; path = Amethyst.entitlements; sourceTree = "<group>"; };
		403E1A292337173600DB7B2A /* FloatingLayoutTests.swift */ = {isa = PBXFileReference; lastKnownFileType = sourcecode.swift; path = FloatingLayoutTests.swift; sourceTree = "<group>"; };
		403E1A2B233719E500DB7B2A /* TallLayoutTests.swift */ = {isa = PBXFileReference; lastKnownFileType = sourcecode.swift; path = TallLayoutTests.swift; sourceTree = "<group>"; };
		4045416E268FFDA000861BE8 /* CustomLayout.swift */ = {isa = PBXFileReference; lastKnownFileType = sourcecode.swift; path = CustomLayout.swift; sourceTree = "<group>"; };
		4046EFCE2236019400113067 /* Window.swift */ = {isa = PBXFileReference; lastKnownFileType = sourcecode.swift; path = Window.swift; sourceTree = "<group>"; };
		4046EFD02238949900113067 /* Application.swift */ = {isa = PBXFileReference; lastKnownFileType = sourcecode.swift; path = Application.swift; sourceTree = "<group>"; };
		404BE9CD1CFBB6E900D6C537 /* BinarySpacePartitioningLayout.swift */ = {isa = PBXFileReference; fileEncoding = 4; lastKnownFileType = sourcecode.swift; path = BinarySpacePartitioningLayout.swift; sourceTree = "<group>"; };
		404BE9D01CFBDF1900D6C537 /* BinarySpacePartitioningLayoutTests.swift */ = {isa = PBXFileReference; fileEncoding = 4; lastKnownFileType = sourcecode.swift; path = BinarySpacePartitioningLayoutTests.swift; sourceTree = "<group>"; };
		40578C18232D9CC0006553A0 /* Screen.swift */ = {isa = PBXFileReference; lastKnownFileType = sourcecode.swift; path = Screen.swift; sourceTree = "<group>"; };
		40578C1A232DC607006553A0 /* TestScreen.swift */ = {isa = PBXFileReference; lastKnownFileType = sourcecode.swift; path = TestScreen.swift; sourceTree = "<group>"; };
		4058C46E1C4B119500B19D26 /* LayoutNameWindowController.swift */ = {isa = PBXFileReference; fileEncoding = 4; lastKnownFileType = sourcecode.swift; path = LayoutNameWindowController.swift; sourceTree = "<group>"; };
		4058C4791C54113D00B19D26 /* GeneralPreferencesViewController.xib */ = {isa = PBXFileReference; fileEncoding = 4; lastKnownFileType = file.xib; path = GeneralPreferencesViewController.xib; sourceTree = "<group>"; };
		4058C47D1C54119B00B19D26 /* ShortcutsPreferencesViewController.xib */ = {isa = PBXFileReference; fileEncoding = 4; lastKnownFileType = file.xib; path = ShortcutsPreferencesViewController.xib; sourceTree = "<group>"; };
		4062AD2A1C1F99EA00DB612B /* FloatingLayout.swift */ = {isa = PBXFileReference; fileEncoding = 4; lastKnownFileType = sourcecode.swift; path = FloatingLayout.swift; sourceTree = "<group>"; };
		4062AD2C1C1F9B8B00DB612B /* FullscreenLayout.swift */ = {isa = PBXFileReference; fileEncoding = 4; lastKnownFileType = sourcecode.swift; path = FullscreenLayout.swift; sourceTree = "<group>"; };
		4062AD2E1C1F9D6B00DB612B /* TallLayout.swift */ = {isa = PBXFileReference; fileEncoding = 4; lastKnownFileType = sourcecode.swift; path = TallLayout.swift; sourceTree = "<group>"; };
		4062AD301C1FA29600DB612B /* TallRightLayout.swift */ = {isa = PBXFileReference; fileEncoding = 4; lastKnownFileType = sourcecode.swift; path = TallRightLayout.swift; sourceTree = "<group>"; };
		4062AD321C1FA48C00DB612B /* ColumnLayout.swift */ = {isa = PBXFileReference; fileEncoding = 4; lastKnownFileType = sourcecode.swift; path = ColumnLayout.swift; sourceTree = "<group>"; };
		4062AD341C1FA62500DB612B /* WideLayout.swift */ = {isa = PBXFileReference; fileEncoding = 4; lastKnownFileType = sourcecode.swift; path = WideLayout.swift; sourceTree = "<group>"; };
		4062AD361C1FA83300DB612B /* RowLayout.swift */ = {isa = PBXFileReference; fileEncoding = 4; lastKnownFileType = sourcecode.swift; path = RowLayout.swift; sourceTree = "<group>"; };
		4062AD3A1C206EA900DB612B /* WidescreenTallLayout.swift */ = {isa = PBXFileReference; fileEncoding = 4; lastKnownFileType = sourcecode.swift; path = WidescreenTallLayout.swift; sourceTree = "<group>"; };
		40637072224EF9B20081299D /* Change.swift */ = {isa = PBXFileReference; lastKnownFileType = sourcecode.swift; path = Change.swift; sourceTree = "<group>"; };
		40637074224EFED70081299D /* CGInfo.swift */ = {isa = PBXFileReference; lastKnownFileType = sourcecode.swift; path = CGInfo.swift; sourceTree = "<group>"; };
		40637076224F0EFF0081299D /* Screens.swift */ = {isa = PBXFileReference; lastKnownFileType = sourcecode.swift; path = Screens.swift; sourceTree = "<group>"; };
		4076368C2394BFB500308336 /* AmethystDebug.entitlements */ = {isa = PBXFileReference; lastKnownFileType = text.plist.entitlements; path = AmethystDebug.entitlements; sourceTree = "<group>"; };
		4085824B1EA673AE0075A2C3 /* HotKeyManagerTests.swift */ = {isa = PBXFileReference; fileEncoding = 4; lastKnownFileType = sourcecode.swift; path = HotKeyManagerTests.swift; sourceTree = "<group>"; };
		409645B21CEE8D950042F459 /* LogManager.swift */ = {isa = PBXFileReference; fileEncoding = 4; lastKnownFileType = sourcecode.swift; path = LogManager.swift; sourceTree = "<group>"; };
		40A7AEA6232ECF3000E79964 /* Windows.swift */ = {isa = PBXFileReference; lastKnownFileType = sourcecode.swift; path = Windows.swift; sourceTree = "<group>"; };
		40A87FDB2404AEAD005EE9C6 /* main.swift */ = {isa = PBXFileReference; lastKnownFileType = sourcecode.swift; path = main.swift; sourceTree = "<group>"; };
		40A87FFC2404B1B4005EE9C6 /* DebugInfo.swift */ = {isa = PBXFileReference; lastKnownFileType = sourcecode.swift; path = DebugInfo.swift; sourceTree = "<group>"; };
		40A87FFE240AF2BC005EE9C6 /* MousePreferencesViewController.swift */ = {isa = PBXFileReference; lastKnownFileType = sourcecode.swift; path = MousePreferencesViewController.swift; sourceTree = "<group>"; };
		40A88000240AF2D5005EE9C6 /* MousePreferencesViewController.xib */ = {isa = PBXFileReference; lastKnownFileType = file.xib; path = MousePreferencesViewController.xib; sourceTree = "<group>"; };
		40A88002240C40BC005EE9C6 /* LayoutsPreferencesViewController.swift */ = {isa = PBXFileReference; lastKnownFileType = sourcecode.swift; path = LayoutsPreferencesViewController.swift; sourceTree = "<group>"; };
		40A88004240C40D0005EE9C6 /* LayoutsPreferencesViewController.xib */ = {isa = PBXFileReference; lastKnownFileType = file.xib; path = LayoutsPreferencesViewController.xib; sourceTree = "<group>"; };
		40AB5BE823AB0A2B00E29346 /* TallRightLayoutTests.swift */ = {isa = PBXFileReference; lastKnownFileType = sourcecode.swift; path = TallRightLayoutTests.swift; sourceTree = "<group>"; };
		40AB5BEA23AB182300E29346 /* WidescreenTallLayoutTests.swift */ = {isa = PBXFileReference; lastKnownFileType = sourcecode.swift; path = WidescreenTallLayoutTests.swift; sourceTree = "<group>"; };
		40AB5BEC23AC3CF800E29346 /* ThreeColumnLayoutTests.swift */ = {isa = PBXFileReference; lastKnownFileType = sourcecode.swift; path = ThreeColumnLayoutTests.swift; sourceTree = "<group>"; };
		40AF71D920BB348300F58EA9 /* Images.xcassets */ = {isa = PBXFileReference; lastKnownFileType = folder.assetcatalog; path = Images.xcassets; sourceTree = "<group>"; };
		40AF71DB20BB401400F58EA9 /* FloatingPreferencesViewController.swift */ = {isa = PBXFileReference; fileEncoding = 4; lastKnownFileType = sourcecode.swift; path = FloatingPreferencesViewController.swift; sourceTree = "<group>"; };
		40AF71DC20BB401400F58EA9 /* FloatingPreferencesViewController.xib */ = {isa = PBXFileReference; fileEncoding = 4; lastKnownFileType = file.xib; path = FloatingPreferencesViewController.xib; sourceTree = "<group>"; };
		40B0D144232D2E630021E0A7 /* FullscreenLayoutTests.swift */ = {isa = PBXFileReference; lastKnownFileType = sourcecode.swift; path = FullscreenLayoutTests.swift; sourceTree = "<group>"; };
		40B0D14A232D944C0021E0A7 /* TestWindow.swift */ = {isa = PBXFileReference; lastKnownFileType = sourcecode.swift; path = TestWindow.swift; sourceTree = "<group>"; };
		40B3927B1814967F009A296B /* LayoutNameWindow.xib */ = {isa = PBXFileReference; fileEncoding = 4; lastKnownFileType = file.xib; path = LayoutNameWindow.xib; sourceTree = "<group>"; };
		40B42F2425315D590000380A /* Sparkle.framework */ = {isa = PBXFileReference; lastKnownFileType = wrapper.framework; path = Sparkle.framework; sourceTree = "<group>"; };
		40C1357B1F202AEE00FF9FA7 /* PreferencesWindow.swift */ = {isa = PBXFileReference; lastKnownFileType = sourcecode.swift; path = PreferencesWindow.swift; sourceTree = "<group>"; };
		40C3F91A1BD1B22E00F58660 /* Security.framework */ = {isa = PBXFileReference; lastKnownFileType = wrapper.framework; name = Security.framework; path = System/Library/Frameworks/Security.framework; sourceTree = SDKROOT; };
		40C3F91B1BD1B22E00F58660 /* SystemConfiguration.framework */ = {isa = PBXFileReference; lastKnownFileType = wrapper.framework; name = SystemConfiguration.framework; path = System/Library/Frameworks/SystemConfiguration.framework; sourceTree = SDKROOT; };
		40C3F9221BD1B35E00F58660 /* libc++.tbd */ = {isa = PBXFileReference; lastKnownFileType = "sourcecode.text-based-dylib-definition"; name = "libc++.tbd"; path = "usr/lib/libc++.tbd"; sourceTree = SDKROOT; };
		40C3F9241BD1B36C00F58660 /* libz.tbd */ = {isa = PBXFileReference; lastKnownFileType = "sourcecode.text-based-dylib-definition"; name = libz.tbd; path = usr/lib/libz.tbd; sourceTree = SDKROOT; };
		40CEF42F1C2B8D21004C3297 /* ScreenManager.swift */ = {isa = PBXFileReference; fileEncoding = 4; lastKnownFileType = sourcecode.swift; path = ScreenManager.swift; sourceTree = "<group>"; usesTabs = 0; };
		40D491D723367590007E0CCB /* RowLayoutTests.swift */ = {isa = PBXFileReference; lastKnownFileType = sourcecode.swift; path = RowLayoutTests.swift; sourceTree = "<group>"; };
		40D491DA23367630007E0CCB /* FrameAssignmentVerification.swift */ = {isa = PBXFileReference; lastKnownFileType = sourcecode.swift; path = FrameAssignmentVerification.swift; sourceTree = "<group>"; };
		40D95B471C6E2ED800AAF433 /* AmethystTests.xctest */ = {isa = PBXFileReference; explicitFileType = wrapper.cfbundle; includeInIndex = 0; path = AmethystTests.xctest; sourceTree = BUILT_PRODUCTS_DIR; };
		40D95B4B1C6E2ED800AAF433 /* Info.plist */ = {isa = PBXFileReference; lastKnownFileType = text.plist.xml; path = Info.plist; sourceTree = "<group>"; };
		40E705D7176EAD7800850DA6 /* default.amethyst */ = {isa = PBXFileReference; fileEncoding = 4; lastKnownFileType = text; path = default.amethyst; sourceTree = "<group>"; };
		40EC47F323F3A30100048B4F /* ScreenManagerTests.swift */ = {isa = PBXFileReference; lastKnownFileType = sourcecode.swift; path = ScreenManagerTests.swift; sourceTree = "<group>"; };
		4493EAA12139D9EF00AA9623 /* ThreeColumnLayout.swift */ = {isa = PBXFileReference; fileEncoding = 4; lastKnownFileType = sourcecode.swift; path = ThreeColumnLayout.swift; sourceTree = "<group>"; };
		5DE30D362838843F0D5EBD1D /* Pods-AmethystTests.debug.xcconfig */ = {isa = PBXFileReference; includeInIndex = 1; lastKnownFileType = text.xcconfig; name = "Pods-AmethystTests.debug.xcconfig"; path = "Target Support Files/Pods-AmethystTests/Pods-AmethystTests.debug.xcconfig"; sourceTree = "<group>"; };
		6611384054CC1D59E32FC049 /* Pods_Amethyst.framework */ = {isa = PBXFileReference; explicitFileType = wrapper.framework; includeInIndex = 0; path = Pods_Amethyst.framework; sourceTree = BUILT_PRODUCTS_DIR; };
		95588BAE5271D12C97C4C8B9 /* Pods-AmethystTests.release.xcconfig */ = {isa = PBXFileReference; includeInIndex = 1; lastKnownFileType = text.xcconfig; name = "Pods-AmethystTests.release.xcconfig"; path = "Target Support Files/Pods-AmethystTests/Pods-AmethystTests.release.xcconfig"; sourceTree = "<group>"; };
		A26EB687171B77B8239AF147 /* Pods_AmethystTests.framework */ = {isa = PBXFileReference; explicitFileType = wrapper.framework; includeInIndex = 0; path = Pods_AmethystTests.framework; sourceTree = BUILT_PRODUCTS_DIR; };
		A47ECCB9422C789FE6A4C218 /* Pods-Amethyst.debug.xcconfig */ = {isa = PBXFileReference; includeInIndex = 1; lastKnownFileType = text.xcconfig; name = "Pods-Amethyst.debug.xcconfig"; path = "Target Support Files/Pods-Amethyst/Pods-Amethyst.debug.xcconfig"; sourceTree = "<group>"; };
		A6102745A914DC1AD00462D0 /* Pods-Amethyst.release.xcconfig */ = {isa = PBXFileReference; includeInIndex = 1; lastKnownFileType = text.xcconfig; name = "Pods-Amethyst.release.xcconfig"; path = "Target Support Files/Pods-Amethyst/Pods-Amethyst.release.xcconfig"; sourceTree = "<group>"; };
		AA4AF40C26717DA900D2AE1B /* TwoPaneLayout.swift */ = {isa = PBXFileReference; lastKnownFileType = sourcecode.swift; path = TwoPaneLayout.swift; sourceTree = "<group>"; };
		AAAC6BAB2677DF7B00BEC1B0 /* TwoPaneLayoutTests.swift */ = {isa = PBXFileReference; lastKnownFileType = sourcecode.swift; path = TwoPaneLayoutTests.swift; sourceTree = "<group>"; };
/* End PBXFileReference section */

/* Begin PBXFrameworksBuildPhase section */
		402DB6DB1742E41A00D1C936 /* Frameworks */ = {
			isa = PBXFrameworksBuildPhase;
			buildActionMask = 2147483647;
			files = (
				40C3F9251BD1B36C00F58660 /* libz.tbd in Frameworks */,
				40C3F9231BD1B35E00F58660 /* libc++.tbd in Frameworks */,
				402DB6FF1742E44E00D1C936 /* Carbon.framework in Frameworks */,
				40C3F91F1BD1B22E00F58660 /* SystemConfiguration.framework in Frameworks */,
				402DB6E21742E41A00D1C936 /* Cocoa.framework in Frameworks */,
				40C3F91E1BD1B22E00F58660 /* Security.framework in Frameworks */,
				ED989E6BAE0E8D035277478A /* Pods_Amethyst.framework in Frameworks */,
				40B42F3025315F410000380A /* Sparkle.framework in Frameworks */,
			);
			runOnlyForDeploymentPostprocessing = 0;
		};
		40D95B441C6E2ED800AAF433 /* Frameworks */ = {
			isa = PBXFrameworksBuildPhase;
			buildActionMask = 2147483647;
			files = (
				7D64A455AD3F8FCD86D30E19 /* Pods_AmethystTests.framework in Frameworks */,
			);
			runOnlyForDeploymentPostprocessing = 0;
		};
/* End PBXFrameworksBuildPhase section */

/* Begin PBXGroup section */
		4008E724190C4D9D0049E2F6 /* Preferences */ = {
			isa = PBXGroup;
			children = (
				40111CCA22342CC4003D20BD /* DebugPreferencesViewController.swift */,
				40111CCC22342CF3003D20BD /* DebugPreferencesViewController.xib */,
				40AF71DB20BB401400F58EA9 /* FloatingPreferencesViewController.swift */,
				40AF71DC20BB401400F58EA9 /* FloatingPreferencesViewController.xib */,
				401BC8A31CE8DB0800F89B3F /* GeneralPreferencesViewController.swift */,
				4058C4791C54113D00B19D26 /* GeneralPreferencesViewController.xib */,
				40A88002240C40BC005EE9C6 /* LayoutsPreferencesViewController.swift */,
				40A88004240C40D0005EE9C6 /* LayoutsPreferencesViewController.xib */,
				40A87FFE240AF2BC005EE9C6 /* MousePreferencesViewController.swift */,
				40A88000240AF2D5005EE9C6 /* MousePreferencesViewController.xib */,
				401BC89B1CE8D58A00F89B3F /* ShortcutsPreferencesListItemView.swift */,
				401BC8A11CE8D86B00F89B3F /* ShortcutsPreferencesViewController.swift */,
				4058C47D1C54119B00B19D26 /* ShortcutsPreferencesViewController.xib */,
				4006CF8F1CE017BA004CA512 /* UserConfiguration.swift */,
			);
			path = Preferences;
			sourceTree = "<group>";
		};
		40111CC7223370E1003D20BD /* Categories */ = {
			isa = PBXGroup;
			children = (
				40111CC8223370FD003D20BD /* SIWindow+AmethystTests.swift */,
			);
			path = Categories;
			sourceTree = "<group>";
		};
		401BC8AA1CE8F82700F89B3F /* Managers */ = {
			isa = PBXGroup;
			children = (
				2A6D9A4025E5D24D006A36B5 /* AppManager.swift */,
				401BC8B91CE9319500F89B3F /* FocusFollowsMouseManager.swift */,
				401C35B6224831470019ED07 /* FocusTransitionCoordinator.swift */,
				401BC8991CE8C6AE00F89B3F /* HotKeyManager.swift */,
				401BC8B31CE9250800F89B3F /* HotKeyRegistrar.swift */,
				401BC8B51CE9259000F89B3F /* LayoutType.swift */,
				409645B21CEE8D950042F459 /* LogManager.swift */,
				40CEF42F1C2B8D21004C3297 /* ScreenManager.swift */,
				40637076224F0EFF0081299D /* Screens.swift */,
				401BC8971CE7E45300F89B3F /* WindowManager.swift */,
				40A7AEA6232ECF3000E79964 /* Windows.swift */,
				401C35B422482EAF0019ED07 /* WindowTransitionCoordinator.swift */,
			);
			path = Managers;
			sourceTree = "<group>";
		};
		401BC8AB1CE8F84500F89B3F /* Preferences */ = {
			isa = PBXGroup;
			children = (
				401BC8AD1CE8FD4700F89B3F /* UserConfigurationTests.swift */,
			);
			name = Preferences;
			path = Configuration;
			sourceTree = "<group>";
		};
		401C35AD2241BA760019ED07 /* Layouts */ = {
			isa = PBXGroup;
			children = (
				404BE9CD1CFBB6E900D6C537 /* BinarySpacePartitioningLayout.swift */,
				4062AD321C1FA48C00DB612B /* ColumnLayout.swift */,
				4062AD2A1C1F99EA00DB612B /* FloatingLayout.swift */,
				4062AD2C1C1F9B8B00DB612B /* FullscreenLayout.swift */,
				4062AD361C1FA83300DB612B /* RowLayout.swift */,
				4062AD2E1C1F9D6B00DB612B /* TallLayout.swift */,
				AA4AF40C26717DA900D2AE1B /* TwoPaneLayout.swift */,
				4062AD301C1FA29600DB612B /* TallRightLayout.swift */,
				4493EAA12139D9EF00AA9623 /* ThreeColumnLayout.swift */,
				4062AD341C1FA62500DB612B /* WideLayout.swift */,
				4062AD3A1C206EA900DB612B /* WidescreenTallLayout.swift */,
				4045416E268FFDA000861BE8 /* CustomLayout.swift */,
			);
			path = Layouts;
			sourceTree = "<group>";
		};
		402DB6D51742E41A00D1C936 = {
			isa = PBXGroup;
			children = (
				402DB6E71742E41A00D1C936 /* Amethyst */,
				40D95B481C6E2ED800AAF433 /* AmethystTests */,
				402DB6E01742E41A00D1C936 /* Frameworks */,
				402DB6DF1742E41A00D1C936 /* Products */,
				EA2400ABF09D78390573B70A /* Pods */,
			);
			sourceTree = "<group>";
			usesTabs = 0;
		};
		402DB6DF1742E41A00D1C936 /* Products */ = {
			isa = PBXGroup;
			children = (
				402DB6DE1742E41A00D1C936 /* Amethyst.app */,
				40D95B471C6E2ED800AAF433 /* AmethystTests.xctest */,
			);
			name = Products;
			sourceTree = "<group>";
		};
		402DB6E01742E41A00D1C936 /* Frameworks */ = {
			isa = PBXGroup;
			children = (
				40C3F9241BD1B36C00F58660 /* libz.tbd */,
				40C3F9221BD1B35E00F58660 /* libc++.tbd */,
				40B42F2425315D590000380A /* Sparkle.framework */,
				40C3F91A1BD1B22E00F58660 /* Security.framework */,
				40C3F91B1BD1B22E00F58660 /* SystemConfiguration.framework */,
				402DB6FE1742E44E00D1C936 /* Carbon.framework */,
				402DB6E11742E41A00D1C936 /* Cocoa.framework */,
				402DB6E31742E41A00D1C936 /* Other Frameworks */,
				6611384054CC1D59E32FC049 /* Pods_Amethyst.framework */,
				A26EB687171B77B8239AF147 /* Pods_AmethystTests.framework */,
			);
			name = Frameworks;
			sourceTree = "<group>";
		};
		402DB6E31742E41A00D1C936 /* Other Frameworks */ = {
			isa = PBXGroup;
			children = (
				402DB6E41742E41A00D1C936 /* AppKit.framework */,
				402DB6E61742E41A00D1C936 /* Foundation.framework */,
			);
			name = "Other Frameworks";
			sourceTree = "<group>";
		};
		402DB6E71742E41A00D1C936 /* Amethyst */ = {
			isa = PBXGroup;
			children = (
				4076368C2394BFB500308336 /* AmethystDebug.entitlements */,
				40378E22238F39B900D11E22 /* Amethyst.entitlements */,
				40A87FFB2404B194005EE9C6 /* Debug */,
				4046EFCD2236018400113067 /* Model */,
				401BC8AA1CE8F82700F89B3F /* Managers */,
				4008E724190C4D9D0049E2F6 /* Preferences */,
				40B392831814977D009A296B /* View */,
				40B337E51745D1600001D8FC /* Categories */,
				40B337E11745CE340001D8FC /* Layout */,
				4006CF8D1CDFFE90004CA512 /* AppDelegate.swift */,
				402DB6F61742E41A00D1C936 /* MainMenu.xib */,
				40AF71D920BB348300F58EA9 /* Images.xcassets */,
				402DB6E81742E41A00D1C936 /* Supporting Files */,
			);
			path = Amethyst;
			sourceTree = "<group>";
		};
		402DB6E81742E41A00D1C936 /* Supporting Files */ = {
			isa = PBXGroup;
			children = (
				401BC8A91CE8F49200F89B3F /* Amethyst-Bridging-Header.h */,
				402DB6E91742E41A00D1C936 /* Amethyst-Info.plist */,
				402DB6EA1742E41A00D1C936 /* InfoPlist.strings */,
				402DB6F01742E41A00D1C936 /* Credits.rtf */,
				40E705D7176EAD7800850DA6 /* default.amethyst */,
				40A87FDB2404AEAD005EE9C6 /* main.swift */,
			);
			name = "Supporting Files";
			sourceTree = "<group>";
		};
		4046EFCD2236018400113067 /* Model */ = {
			isa = PBXGroup;
			children = (
				4046EFD02238949900113067 /* Application.swift */,
				401C35B02244626E0019ED07 /* ApplicationObservation.swift */,
				40637074224EFED70081299D /* CGInfo.swift */,
				40637072224EF9B20081299D /* Change.swift */,
				401C35B22244650F0019ED07 /* MouseState.swift */,
				400540F12325CDF4004B8656 /* Reliability.swift */,
				40578C18232D9CC0006553A0 /* Screen.swift */,
				400A5E9C2327350C00F0A2C3 /* Space.swift */,
				4046EFCE2236019400113067 /* Window.swift */,
				401BC8A71CE8E94000F89B3F /* WindowsInformation.swift */,
			);
			path = Model;
			sourceTree = "<group>";
		};
		404BE9CF1CFBDEFD00D6C537 /* Layout */ = {
			isa = PBXGroup;
			children = (
				404BE9D01CFBDF1900D6C537 /* BinarySpacePartitioningLayoutTests.swift */,
				401BBCB52333067F005118F8 /* ColumnLayoutTests.swift */,
				403E1A292337173600DB7B2A /* FloatingLayoutTests.swift */,
				40B0D144232D2E630021E0A7 /* FullscreenLayoutTests.swift */,
				40D491D723367590007E0CCB /* RowLayoutTests.swift */,
				403E1A2B233719E500DB7B2A /* TallLayoutTests.swift */,
				AAAC6BAB2677DF7B00BEC1B0 /* TwoPaneLayoutTests.swift */,
				40AB5BE823AB0A2B00E29346 /* TallRightLayoutTests.swift */,
				40AB5BEC23AC3CF800E29346 /* ThreeColumnLayoutTests.swift */,
				4000DB0F239CA07000365A0C /* WideLayoutTests.swift */,
				40AB5BEA23AB182300E29346 /* WidescreenTallLayoutTests.swift */,
			);
			path = Layout;
			sourceTree = "<group>";
		};
		4085824A1EA673950075A2C3 /* Managers */ = {
			isa = PBXGroup;
			children = (
				4085824B1EA673AE0075A2C3 /* HotKeyManagerTests.swift */,
				40EC47F323F3A30100048B4F /* ScreenManagerTests.swift */,
			);
			path = Managers;
			sourceTree = "<group>";
		};
		40A87FFB2404B194005EE9C6 /* Debug */ = {
			isa = PBXGroup;
			children = (
				40A87FFC2404B1B4005EE9C6 /* DebugInfo.swift */,
			);
			path = Debug;
			sourceTree = "<group>";
		};
		40B0D148232D942B0021E0A7 /* Tests */ = {
			isa = PBXGroup;
			children = (
				4085824A1EA673950075A2C3 /* Managers */,
				404BE9CF1CFBDEFD00D6C537 /* Layout */,
				401BC8AB1CE8F84500F89B3F /* Preferences */,
				40111CC7223370E1003D20BD /* Categories */,
			);
			path = Tests;
			sourceTree = "<group>";
		};
		40B0D149232D94410021E0A7 /* Model */ = {
			isa = PBXGroup;
			children = (
				40578C1A232DC607006553A0 /* TestScreen.swift */,
				40B0D14A232D944C0021E0A7 /* TestWindow.swift */,
			);
			path = Model;
			sourceTree = "<group>";
		};
		40B337E11745CE340001D8FC /* Layout */ = {
			isa = PBXGroup;
			children = (
				401C35AD2241BA760019ED07 /* Layouts */,
				4029C4F01C112478001E4788 /* Layout.swift */,
				401C35AE2241BBDD0019ED07 /* ReflowOperation.swift */,
			);
			path = Layout;
			sourceTree = "<group>";
		};
		40B337E51745D1600001D8FC /* Categories */ = {
			isa = PBXGroup;
			children = (
				4006CF871CDFF5F6004CA512 /* NSRunningApplication+Manageable.swift */,
				1A4B46EA20AA7717003D5110 /* NSTableView+Amethyst.swift */,
			);
			path = Categories;
			sourceTree = "<group>";
		};
		40B392831814977D009A296B /* View */ = {
			isa = PBXGroup;
			children = (
				40B3927B1814967F009A296B /* LayoutNameWindow.xib */,
				401BC8A51CE8E65D00F89B3F /* LayoutNameWindow.swift */,
				4058C46E1C4B119500B19D26 /* LayoutNameWindowController.swift */,
				40C1357B1F202AEE00FF9FA7 /* PreferencesWindow.swift */,
			);
			path = View;
			sourceTree = "<group>";
		};
		40D491D9233675E3007E0CCB /* Helpers */ = {
			isa = PBXGroup;
			children = (
				40D491DA23367630007E0CCB /* FrameAssignmentVerification.swift */,
			);
			path = Helpers;
			sourceTree = "<group>";
		};
		40D95B481C6E2ED800AAF433 /* AmethystTests */ = {
			isa = PBXGroup;
			children = (
				40D491D9233675E3007E0CCB /* Helpers */,
				40B0D149232D94410021E0A7 /* Model */,
				40B0D148232D942B0021E0A7 /* Tests */,
				40D95B4B1C6E2ED800AAF433 /* Info.plist */,
				401BC8AC1CE8FD4600F89B3F /* AmethystTests-Bridging-Header.h */,
			);
			path = AmethystTests;
			sourceTree = "<group>";
		};
		EA2400ABF09D78390573B70A /* Pods */ = {
			isa = PBXGroup;
			children = (
				A47ECCB9422C789FE6A4C218 /* Pods-Amethyst.debug.xcconfig */,
				A6102745A914DC1AD00462D0 /* Pods-Amethyst.release.xcconfig */,
				5DE30D362838843F0D5EBD1D /* Pods-AmethystTests.debug.xcconfig */,
				95588BAE5271D12C97C4C8B9 /* Pods-AmethystTests.release.xcconfig */,
			);
			path = Pods;
			sourceTree = "<group>";
		};
/* End PBXGroup section */

/* Begin PBXNativeTarget section */
		402DB6DD1742E41A00D1C936 /* Amethyst */ = {
			isa = PBXNativeTarget;
			buildConfigurationList = 402DB6FB1742E41A00D1C936 /* Build configuration list for PBXNativeTarget "Amethyst" */;
			buildPhases = (
				53A3AB24B83E8DB235FDD910 /* [CP] Check Pods Manifest.lock */,
				4058C4701C4C4F9E00B19D26 /* Lint */,
				402DB6DA1742E41A00D1C936 /* Sources */,
				402DB6DB1742E41A00D1C936 /* Frameworks */,
				402DB6DC1742E41A00D1C936 /* Resources */,
				D47F3405558308F2EB634A66 /* [CP] Embed Pods Frameworks */,
				40B42F3225315F410000380A /* Embed Frameworks */,
			);
			buildRules = (
			);
			dependencies = (
			);
			name = Amethyst;
			productName = Amethyst;
			productReference = 402DB6DE1742E41A00D1C936 /* Amethyst.app */;
			productType = "com.apple.product-type.application";
		};
		40D95B461C6E2ED800AAF433 /* AmethystTests */ = {
			isa = PBXNativeTarget;
			buildConfigurationList = 40D95B4E1C6E2ED800AAF433 /* Build configuration list for PBXNativeTarget "AmethystTests" */;
			buildPhases = (
				648F044A095EE8736EEA0D73 /* [CP] Check Pods Manifest.lock */,
				40D95B431C6E2ED800AAF433 /* Sources */,
				40D95B441C6E2ED800AAF433 /* Frameworks */,
				40D95B451C6E2ED800AAF433 /* Resources */,
				30A26A3F3AC4AE87BB204146 /* [CP] Embed Pods Frameworks */,
			);
			buildRules = (
			);
			dependencies = (
				40D95B4D1C6E2ED800AAF433 /* PBXTargetDependency */,
			);
			name = AmethystTests;
			productName = AmethystTests;
			productReference = 40D95B471C6E2ED800AAF433 /* AmethystTests.xctest */;
			productType = "com.apple.product-type.bundle.unit-test";
		};
/* End PBXNativeTarget section */

/* Begin PBXProject section */
		402DB6D61742E41A00D1C936 /* Project object */ = {
			isa = PBXProject;
			attributes = {
				CLASSPREFIX = AM;
				LastSwiftUpdateCheck = 0730;
				LastTestingUpgradeCheck = 0700;
				LastUpgradeCheck = 1220;
				ORGANIZATIONNAME = "Ian Ynda-Hummel";
				TargetAttributes = {
					402DB6DD1742E41A00D1C936 = {
						LastSwiftMigration = 1010;
						ProvisioningStyle = Automatic;
					};
					40D95B461C6E2ED800AAF433 = {
						CreatedOnToolsVersion = 7.2.1;
						LastSwiftMigration = 1010;
						ProvisioningStyle = Automatic;
						TestTargetID = 402DB6DD1742E41A00D1C936;
					};
				};
			};
			buildConfigurationList = 402DB6D91742E41A00D1C936 /* Build configuration list for PBXProject "Amethyst" */;
			compatibilityVersion = "Xcode 3.2";
			developmentRegion = en;
			hasScannedForEncodings = 0;
			knownRegions = (
				en,
				Base,
			);
			mainGroup = 402DB6D51742E41A00D1C936;
			productRefGroup = 402DB6DF1742E41A00D1C936 /* Products */;
			projectDirPath = "";
			projectRoot = "";
			targets = (
				402DB6DD1742E41A00D1C936 /* Amethyst */,
				40D95B461C6E2ED800AAF433 /* AmethystTests */,
			);
		};
/* End PBXProject section */

/* Begin PBXResourcesBuildPhase section */
		402DB6DC1742E41A00D1C936 /* Resources */ = {
			isa = PBXResourcesBuildPhase;
			buildActionMask = 2147483647;
			files = (
				4058C47A1C54113D00B19D26 /* GeneralPreferencesViewController.xib in Resources */,
				40111CCD22342CF3003D20BD /* DebugPreferencesViewController.xib in Resources */,
				40A88001240AF2D5005EE9C6 /* MousePreferencesViewController.xib in Resources */,
				402DB6EC1742E41A00D1C936 /* InfoPlist.strings in Resources */,
				402DB6F21742E41A00D1C936 /* Credits.rtf in Resources */,
				40AF71DA20BB348300F58EA9 /* Images.xcassets in Resources */,
				402DB6F81742E41A00D1C936 /* MainMenu.xib in Resources */,
				4058C47E1C54119B00B19D26 /* ShortcutsPreferencesViewController.xib in Resources */,
				40B3927C1814967F009A296B /* LayoutNameWindow.xib in Resources */,
				40AF71DE20BB401400F58EA9 /* FloatingPreferencesViewController.xib in Resources */,
				40E705D8176EAD7800850DA6 /* default.amethyst in Resources */,
				40A88005240C40D0005EE9C6 /* LayoutsPreferencesViewController.xib in Resources */,
			);
			runOnlyForDeploymentPostprocessing = 0;
		};
		40D95B451C6E2ED800AAF433 /* Resources */ = {
			isa = PBXResourcesBuildPhase;
			buildActionMask = 2147483647;
			files = (
			);
			runOnlyForDeploymentPostprocessing = 0;
		};
/* End PBXResourcesBuildPhase section */

/* Begin PBXShellScriptBuildPhase section */
		30A26A3F3AC4AE87BB204146 /* [CP] Embed Pods Frameworks */ = {
			isa = PBXShellScriptBuildPhase;
			buildActionMask = 2147483647;
			files = (
			);
			inputPaths = (
				"${PODS_ROOT}/Target Support Files/Pods-AmethystTests/Pods-AmethystTests-frameworks.sh",
				"${BUILT_PRODUCTS_DIR}/Nimble/Nimble.framework",
				"${BUILT_PRODUCTS_DIR}/Quick/Quick.framework",
			);
			name = "[CP] Embed Pods Frameworks";
			outputPaths = (
				"${TARGET_BUILD_DIR}/${FRAMEWORKS_FOLDER_PATH}/Nimble.framework",
				"${TARGET_BUILD_DIR}/${FRAMEWORKS_FOLDER_PATH}/Quick.framework",
			);
			runOnlyForDeploymentPostprocessing = 0;
			shellPath = /bin/sh;
			shellScript = "\"${PODS_ROOT}/Target Support Files/Pods-AmethystTests/Pods-AmethystTests-frameworks.sh\"\n";
			showEnvVarsInLog = 0;
		};
		4058C4701C4C4F9E00B19D26 /* Lint */ = {
			isa = PBXShellScriptBuildPhase;
			buildActionMask = 2147483647;
			files = (
			);
			inputPaths = (
			);
			name = Lint;
			outputPaths = (
			);
			runOnlyForDeploymentPostprocessing = 0;
			shellPath = /bin/sh;
			shellScript = "${PODS_ROOT}/SwiftLint/swiftlint autocorrect\n${PODS_ROOT}/SwiftLint/swiftlint\n";
		};
		53A3AB24B83E8DB235FDD910 /* [CP] Check Pods Manifest.lock */ = {
			isa = PBXShellScriptBuildPhase;
			buildActionMask = 2147483647;
			files = (
			);
			inputFileListPaths = (
			);
			inputPaths = (
				"${PODS_PODFILE_DIR_PATH}/Podfile.lock",
				"${PODS_ROOT}/Manifest.lock",
			);
			name = "[CP] Check Pods Manifest.lock";
			outputFileListPaths = (
			);
			outputPaths = (
				"$(DERIVED_FILE_DIR)/Pods-Amethyst-checkManifestLockResult.txt",
			);
			runOnlyForDeploymentPostprocessing = 0;
			shellPath = /bin/sh;
			shellScript = "diff \"${PODS_PODFILE_DIR_PATH}/Podfile.lock\" \"${PODS_ROOT}/Manifest.lock\" > /dev/null\nif [ $? != 0 ] ; then\n    # print error to STDERR\n    echo \"error: The sandbox is not in sync with the Podfile.lock. Run 'pod install' or update your CocoaPods installation.\" >&2\n    exit 1\nfi\n# This output is used by Xcode 'outputs' to avoid re-running this script phase.\necho \"SUCCESS\" > \"${SCRIPT_OUTPUT_FILE_0}\"\n";
			showEnvVarsInLog = 0;
		};
		648F044A095EE8736EEA0D73 /* [CP] Check Pods Manifest.lock */ = {
			isa = PBXShellScriptBuildPhase;
			buildActionMask = 2147483647;
			files = (
			);
			inputFileListPaths = (
			);
			inputPaths = (
				"${PODS_PODFILE_DIR_PATH}/Podfile.lock",
				"${PODS_ROOT}/Manifest.lock",
			);
			name = "[CP] Check Pods Manifest.lock";
			outputFileListPaths = (
			);
			outputPaths = (
				"$(DERIVED_FILE_DIR)/Pods-AmethystTests-checkManifestLockResult.txt",
			);
			runOnlyForDeploymentPostprocessing = 0;
			shellPath = /bin/sh;
			shellScript = "diff \"${PODS_PODFILE_DIR_PATH}/Podfile.lock\" \"${PODS_ROOT}/Manifest.lock\" > /dev/null\nif [ $? != 0 ] ; then\n    # print error to STDERR\n    echo \"error: The sandbox is not in sync with the Podfile.lock. Run 'pod install' or update your CocoaPods installation.\" >&2\n    exit 1\nfi\n# This output is used by Xcode 'outputs' to avoid re-running this script phase.\necho \"SUCCESS\" > \"${SCRIPT_OUTPUT_FILE_0}\"\n";
			showEnvVarsInLog = 0;
		};
		D47F3405558308F2EB634A66 /* [CP] Embed Pods Frameworks */ = {
			isa = PBXShellScriptBuildPhase;
			buildActionMask = 2147483647;
			files = (
			);
			inputPaths = (
				"${PODS_ROOT}/Target Support Files/Pods-Amethyst/Pods-Amethyst-frameworks.sh",
				"${BUILT_PRODUCTS_DIR}/Cartography/Cartography.framework",
				"${BUILT_PRODUCTS_DIR}/LoginServiceKit/LoginServiceKit.framework",
				"${BUILT_PRODUCTS_DIR}/MASShortcut/MASShortcut.framework",
				"${BUILT_PRODUCTS_DIR}/RxCocoa/RxCocoa.framework",
				"${BUILT_PRODUCTS_DIR}/RxRelay/RxRelay.framework",
				"${BUILT_PRODUCTS_DIR}/RxSwift/RxSwift.framework",
				"${BUILT_PRODUCTS_DIR}/RxSwiftExt/RxSwiftExt.framework",
				"${BUILT_PRODUCTS_DIR}/Silica/Silica.framework",
				"${BUILT_PRODUCTS_DIR}/SwiftyBeaver/SwiftyBeaver.framework",
				"${BUILT_PRODUCTS_DIR}/SwiftyJSON/SwiftyJSON.framework",
			);
			name = "[CP] Embed Pods Frameworks";
			outputPaths = (
				"${TARGET_BUILD_DIR}/${FRAMEWORKS_FOLDER_PATH}/Cartography.framework",
				"${TARGET_BUILD_DIR}/${FRAMEWORKS_FOLDER_PATH}/LoginServiceKit.framework",
				"${TARGET_BUILD_DIR}/${FRAMEWORKS_FOLDER_PATH}/MASShortcut.framework",
				"${TARGET_BUILD_DIR}/${FRAMEWORKS_FOLDER_PATH}/RxCocoa.framework",
				"${TARGET_BUILD_DIR}/${FRAMEWORKS_FOLDER_PATH}/RxRelay.framework",
				"${TARGET_BUILD_DIR}/${FRAMEWORKS_FOLDER_PATH}/RxSwift.framework",
				"${TARGET_BUILD_DIR}/${FRAMEWORKS_FOLDER_PATH}/RxSwiftExt.framework",
				"${TARGET_BUILD_DIR}/${FRAMEWORKS_FOLDER_PATH}/Silica.framework",
				"${TARGET_BUILD_DIR}/${FRAMEWORKS_FOLDER_PATH}/SwiftyBeaver.framework",
				"${TARGET_BUILD_DIR}/${FRAMEWORKS_FOLDER_PATH}/SwiftyJSON.framework",
			);
			runOnlyForDeploymentPostprocessing = 0;
			shellPath = /bin/sh;
			shellScript = "\"${PODS_ROOT}/Target Support Files/Pods-Amethyst/Pods-Amethyst-frameworks.sh\"\n";
			showEnvVarsInLog = 0;
		};
/* End PBXShellScriptBuildPhase section */

/* Begin PBXSourcesBuildPhase section */
		402DB6DA1742E41A00D1C936 /* Sources */ = {
			isa = PBXSourcesBuildPhase;
			buildActionMask = 2147483647;
			files = (
				40AF71DD20BB401400F58EA9 /* FloatingPreferencesViewController.swift in Sources */,
				40A88003240C40BC005EE9C6 /* LayoutsPreferencesViewController.swift in Sources */,
				4046EFD12238949900113067 /* Application.swift in Sources */,
				4062AD331C1FA48C00DB612B /* ColumnLayout.swift in Sources */,
				409645B31CEE8D950042F459 /* LogManager.swift in Sources */,
				4006CF881CDFF5F6004CA512 /* NSRunningApplication+Manageable.swift in Sources */,
				401BC89A1CE8C6AE00F89B3F /* HotKeyManager.swift in Sources */,
				4062AD2F1C1F9D6B00DB612B /* TallLayout.swift in Sources */,
				40578C19232D9CC0006553A0 /* Screen.swift in Sources */,
				401BC89C1CE8D58A00F89B3F /* ShortcutsPreferencesListItemView.swift in Sources */,
				400540F22325CDF4004B8656 /* Reliability.swift in Sources */,
				4029C4F11C112478001E4788 /* Layout.swift in Sources */,
				AA4AF40D26717DA900D2AE1B /* TwoPaneLayout.swift in Sources */,
				401BC8A41CE8DB0800F89B3F /* GeneralPreferencesViewController.swift in Sources */,
				2A6D9A4125E5D24D006A36B5 /* AppManager.swift in Sources */,
				4046EFCF2236019400113067 /* Window.swift in Sources */,
				40A87FDC2404AEAD005EE9C6 /* main.swift in Sources */,
				401BC8A61CE8E65D00F89B3F /* LayoutNameWindow.swift in Sources */,
				401C35AF2241BBDD0019ED07 /* ReflowOperation.swift in Sources */,
				401BC8B41CE9250800F89B3F /* HotKeyRegistrar.swift in Sources */,
				40637073224EF9B20081299D /* Change.swift in Sources */,
				40CEF4301C2B8D21004C3297 /* ScreenManager.swift in Sources */,
				401C35B522482EAF0019ED07 /* WindowTransitionCoordinator.swift in Sources */,
				40A87FFD2404B1B4005EE9C6 /* DebugInfo.swift in Sources */,
				4493EAA22139D9F000AA9623 /* ThreeColumnLayout.swift in Sources */,
				40A7AEA7232ECF3000E79964 /* Windows.swift in Sources */,
				404BE9CE1CFBB6E900D6C537 /* BinarySpacePartitioningLayout.swift in Sources */,
				4062AD3B1C206EA900DB612B /* WidescreenTallLayout.swift in Sources */,
				4058C46F1C4B119500B19D26 /* LayoutNameWindowController.swift in Sources */,
				4062AD311C1FA29600DB612B /* TallRightLayout.swift in Sources */,
				401BC8B61CE9259000F89B3F /* LayoutType.swift in Sources */,
				401C35B12244626E0019ED07 /* ApplicationObservation.swift in Sources */,
				401C35B7224831470019ED07 /* FocusTransitionCoordinator.swift in Sources */,
				4062AD371C1FA83300DB612B /* RowLayout.swift in Sources */,
				4006CF8E1CDFFE90004CA512 /* AppDelegate.swift in Sources */,
				4006CF901CE017BA004CA512 /* UserConfiguration.swift in Sources */,
				4062AD2B1C1F99EA00DB612B /* FloatingLayout.swift in Sources */,
				401BC8A21CE8D86B00F89B3F /* ShortcutsPreferencesViewController.swift in Sources */,
				401BC8A81CE8E94000F89B3F /* WindowsInformation.swift in Sources */,
				401BC8981CE7E45300F89B3F /* WindowManager.swift in Sources */,
				400A5E9D2327350C00F0A2C3 /* Space.swift in Sources */,
				401BC8BA1CE9319500F89B3F /* FocusFollowsMouseManager.swift in Sources */,
				40C1357C1F202AEE00FF9FA7 /* PreferencesWindow.swift in Sources */,
				4062AD351C1FA62500DB612B /* WideLayout.swift in Sources */,
				40A87FFF240AF2BC005EE9C6 /* MousePreferencesViewController.swift in Sources */,
				40111CCB22342CC4003D20BD /* DebugPreferencesViewController.swift in Sources */,
				401C35B32244650F0019ED07 /* MouseState.swift in Sources */,
				4062AD2D1C1F9B8B00DB612B /* FullscreenLayout.swift in Sources */,
				40637075224EFED70081299D /* CGInfo.swift in Sources */,
				1A4B46EB20AA7717003D5110 /* NSTableView+Amethyst.swift in Sources */,
				4045416F268FFDA000861BE8 /* CustomLayout.swift in Sources */,
				40637077224F0EFF0081299D /* Screens.swift in Sources */,
			);
			runOnlyForDeploymentPostprocessing = 0;
		};
		40D95B431C6E2ED800AAF433 /* Sources */ = {
			isa = PBXSourcesBuildPhase;
			buildActionMask = 2147483647;
			files = (
				403E1A2A2337173600DB7B2A /* FloatingLayoutTests.swift in Sources */,
				40111CC9223370FD003D20BD /* SIWindow+AmethystTests.swift in Sources */,
				401BBCB62333067F005118F8 /* ColumnLayoutTests.swift in Sources */,
				401BC8AE1CE8FD4700F89B3F /* UserConfigurationTests.swift in Sources */,
				AAAC6BAC2677DF7B00BEC1B0 /* TwoPaneLayoutTests.swift in Sources */,
				404BE9D11CFBDF1900D6C537 /* BinarySpacePartitioningLayoutTests.swift in Sources */,
				4085824C1EA673AE0075A2C3 /* HotKeyManagerTests.swift in Sources */,
				40578C1B232DC607006553A0 /* TestScreen.swift in Sources */,
				40B0D145232D2E630021E0A7 /* FullscreenLayoutTests.swift in Sources */,
				40B0D14B232D944C0021E0A7 /* TestWindow.swift in Sources */,
				40D491D823367590007E0CCB /* RowLayoutTests.swift in Sources */,
				403E1A2C233719E500DB7B2A /* TallLayoutTests.swift in Sources */,
				4000DB10239CA07000365A0C /* WideLayoutTests.swift in Sources */,
				40AB5BEB23AB182300E29346 /* WidescreenTallLayoutTests.swift in Sources */,
				40EC47F423F3A30100048B4F /* ScreenManagerTests.swift in Sources */,
				40D491DB23367630007E0CCB /* FrameAssignmentVerification.swift in Sources */,
				40AB5BED23AC3CF800E29346 /* ThreeColumnLayoutTests.swift in Sources */,
				40AB5BE923AB0A2B00E29346 /* TallRightLayoutTests.swift in Sources */,
			);
			runOnlyForDeploymentPostprocessing = 0;
		};
/* End PBXSourcesBuildPhase section */

/* Begin PBXTargetDependency section */
		40D95B4D1C6E2ED800AAF433 /* PBXTargetDependency */ = {
			isa = PBXTargetDependency;
			target = 402DB6DD1742E41A00D1C936 /* Amethyst */;
			targetProxy = 40D95B4C1C6E2ED800AAF433 /* PBXContainerItemProxy */;
		};
/* End PBXTargetDependency section */

/* Begin PBXVariantGroup section */
		402DB6EA1742E41A00D1C936 /* InfoPlist.strings */ = {
			isa = PBXVariantGroup;
			children = (
				402DB6EB1742E41A00D1C936 /* en */,
			);
			name = InfoPlist.strings;
			sourceTree = "<group>";
		};
		402DB6F01742E41A00D1C936 /* Credits.rtf */ = {
			isa = PBXVariantGroup;
			children = (
				402DB6F11742E41A00D1C936 /* en */,
			);
			name = Credits.rtf;
			sourceTree = "<group>";
		};
		402DB6F61742E41A00D1C936 /* MainMenu.xib */ = {
			isa = PBXVariantGroup;
			children = (
				401A529824D3B63A004359A4 /* Base */,
			);
			name = MainMenu.xib;
			sourceTree = "<group>";
		};
/* End PBXVariantGroup section */

/* Begin XCBuildConfiguration section */
		402DB6F91742E41A00D1C936 /* Debug */ = {
			isa = XCBuildConfiguration;
			buildSettings = {
				ALWAYS_SEARCH_USER_PATHS = NO;
				CLANG_ANALYZER_LOCALIZABILITY_NONLOCALIZED = YES;
				CLANG_CXX_LANGUAGE_STANDARD = "gnu++0x";
				CLANG_CXX_LIBRARY = "libc++";
				CLANG_ENABLE_MODULES = YES;
				CLANG_ENABLE_OBJC_ARC = YES;
				CLANG_WARN_BLOCK_CAPTURE_AUTORELEASING = YES;
				CLANG_WARN_BOOL_CONVERSION = YES;
				CLANG_WARN_COMMA = YES;
				CLANG_WARN_CONSTANT_CONVERSION = YES;
				CLANG_WARN_DEPRECATED_OBJC_IMPLEMENTATIONS = YES;
				CLANG_WARN_EMPTY_BODY = YES;
				CLANG_WARN_ENUM_CONVERSION = YES;
				CLANG_WARN_INFINITE_RECURSION = YES;
				CLANG_WARN_INT_CONVERSION = YES;
				CLANG_WARN_NON_LITERAL_NULL_CONVERSION = YES;
				CLANG_WARN_OBJC_IMPLICIT_RETAIN_SELF = YES;
				CLANG_WARN_OBJC_LITERAL_CONVERSION = YES;
				CLANG_WARN_QUOTED_INCLUDE_IN_FRAMEWORK_HEADER = YES;
				CLANG_WARN_RANGE_LOOP_ANALYSIS = YES;
				CLANG_WARN_STRICT_PROTOTYPES = YES;
				CLANG_WARN_SUSPICIOUS_MOVE = YES;
				CLANG_WARN_UNREACHABLE_CODE = YES;
				CLANG_WARN__DUPLICATE_METHOD_MATCH = YES;
				COPY_PHASE_STRIP = NO;
				DEBUG_INFORMATION_FORMAT = "dwarf-with-dsym";
				DEFINES_MODULE = YES;
				ENABLE_STRICT_OBJC_MSGSEND = YES;
				ENABLE_TESTABILITY = YES;
				GCC_C_LANGUAGE_STANDARD = gnu99;
				GCC_DYNAMIC_NO_PIC = NO;
				GCC_ENABLE_OBJC_EXCEPTIONS = YES;
				GCC_NO_COMMON_BLOCKS = YES;
				GCC_OPTIMIZATION_LEVEL = 0;
				GCC_PREPROCESSOR_DEFINITIONS = (
					"DEBUG=1",
					"$(inherited)",
				);
				GCC_SYMBOLS_PRIVATE_EXTERN = NO;
				GCC_WARN_64_TO_32_BIT_CONVERSION = YES;
				GCC_WARN_ABOUT_RETURN_TYPE = YES;
				GCC_WARN_UNDECLARED_SELECTOR = YES;
				GCC_WARN_UNINITIALIZED_AUTOS = YES;
				GCC_WARN_UNUSED_FUNCTION = YES;
				GCC_WARN_UNUSED_VARIABLE = YES;
				MACOSX_DEPLOYMENT_TARGET = 10.12;
				ONLY_ACTIVE_ARCH = YES;
				SDKROOT = macosx;
			};
			name = Debug;
		};
		402DB6FA1742E41A00D1C936 /* Release */ = {
			isa = XCBuildConfiguration;
			buildSettings = {
				ALWAYS_SEARCH_USER_PATHS = NO;
				CLANG_ANALYZER_LOCALIZABILITY_NONLOCALIZED = YES;
				CLANG_CXX_LANGUAGE_STANDARD = "gnu++0x";
				CLANG_CXX_LIBRARY = "libc++";
				CLANG_ENABLE_MODULES = YES;
				CLANG_ENABLE_OBJC_ARC = YES;
				CLANG_WARN_BLOCK_CAPTURE_AUTORELEASING = YES;
				CLANG_WARN_BOOL_CONVERSION = YES;
				CLANG_WARN_COMMA = YES;
				CLANG_WARN_CONSTANT_CONVERSION = YES;
				CLANG_WARN_DEPRECATED_OBJC_IMPLEMENTATIONS = YES;
				CLANG_WARN_EMPTY_BODY = YES;
				CLANG_WARN_ENUM_CONVERSION = YES;
				CLANG_WARN_INFINITE_RECURSION = YES;
				CLANG_WARN_INT_CONVERSION = YES;
				CLANG_WARN_NON_LITERAL_NULL_CONVERSION = YES;
				CLANG_WARN_OBJC_IMPLICIT_RETAIN_SELF = YES;
				CLANG_WARN_OBJC_LITERAL_CONVERSION = YES;
				CLANG_WARN_QUOTED_INCLUDE_IN_FRAMEWORK_HEADER = YES;
				CLANG_WARN_RANGE_LOOP_ANALYSIS = YES;
				CLANG_WARN_STRICT_PROTOTYPES = YES;
				CLANG_WARN_SUSPICIOUS_MOVE = YES;
				CLANG_WARN_UNREACHABLE_CODE = YES;
				CLANG_WARN__DUPLICATE_METHOD_MATCH = YES;
				COPY_PHASE_STRIP = YES;
				DEBUG_INFORMATION_FORMAT = "dwarf-with-dsym";
				DEFINES_MODULE = YES;
				ENABLE_STRICT_OBJC_MSGSEND = YES;
				GCC_C_LANGUAGE_STANDARD = gnu99;
				GCC_ENABLE_OBJC_EXCEPTIONS = YES;
				GCC_NO_COMMON_BLOCKS = YES;
				GCC_PREPROCESSOR_DEFINITIONS = "RELEASE=1";
				GCC_WARN_64_TO_32_BIT_CONVERSION = YES;
				GCC_WARN_ABOUT_RETURN_TYPE = YES;
				GCC_WARN_UNDECLARED_SELECTOR = YES;
				GCC_WARN_UNINITIALIZED_AUTOS = YES;
				GCC_WARN_UNUSED_FUNCTION = YES;
				GCC_WARN_UNUSED_VARIABLE = YES;
				MACOSX_DEPLOYMENT_TARGET = 10.12;
				SDKROOT = macosx;
				SWIFT_OPTIMIZATION_LEVEL = "-Owholemodule";
			};
			name = Release;
		};
		402DB6FC1742E41A00D1C936 /* Debug */ = {
			isa = XCBuildConfiguration;
			baseConfigurationReference = A47ECCB9422C789FE6A4C218 /* Pods-Amethyst.debug.xcconfig */;
			buildSettings = {
				ASSETCATALOG_COMPILER_APPICON_NAME = AppIcon;
				CLANG_ENABLE_MODULES = YES;
				CODE_SIGN_ENTITLEMENTS = Amethyst/AmethystDebug.entitlements;
				CODE_SIGN_IDENTITY = "-";
				CODE_SIGN_STYLE = Automatic;
				COMBINE_HIDPI_IMAGES = YES;
				CURRENT_PROJECT_VERSION = 92;
				DEFINES_MODULE = YES;
				DEVELOPMENT_TEAM = "";
				ENABLE_HARDENED_RUNTIME = YES;
				FRAMEWORK_SEARCH_PATHS = (
					"$(inherited)",
					"$(USER_LIBRARY_DIR)/Developer/Xcode/DerivedData/Amethyst-hayuzxrdmhaqmverzffhmryaexfi/Build/Products/Debug",
					"$(PROJECT_DIR)",
				);
				GCC_PRECOMPILE_PREFIX_HEADER = NO;
				GCC_PREFIX_HEADER = "";
				INFOPLIST_FILE = "Amethyst/Amethyst-Info.plist";
				LD_RUNPATH_SEARCH_PATHS = "$(inherited) @executable_path/../Frameworks";
				MARKETING_VERSION = 0.15.5;
				OTHER_SWIFT_FLAGS = "$(inherited) \"-D\" \"DEBUG\"";
				PRODUCT_BUNDLE_IDENTIFIER = "com.amethyst.${PRODUCT_NAME:rfc1034identifier}";
				PRODUCT_NAME = "$(TARGET_NAME)";
				PROVISIONING_PROFILE_SPECIFIER = "";
				SWIFT_OBJC_BRIDGING_HEADER = "Amethyst/Amethyst-Bridging-Header.h";
				SWIFT_OPTIMIZATION_LEVEL = "-Onone";
				SWIFT_VERSION = 4.2;
				WRAPPER_EXTENSION = app;
			};
			name = Debug;
		};
		402DB6FD1742E41A00D1C936 /* Release */ = {
			isa = XCBuildConfiguration;
			baseConfigurationReference = A6102745A914DC1AD00462D0 /* Pods-Amethyst.release.xcconfig */;
			buildSettings = {
				ASSETCATALOG_COMPILER_APPICON_NAME = AppIcon;
				CLANG_ENABLE_MODULES = YES;
				CODE_SIGN_ENTITLEMENTS = Amethyst/Amethyst.entitlements;
				CODE_SIGN_IDENTITY = "-";
				CODE_SIGN_STYLE = Automatic;
				COMBINE_HIDPI_IMAGES = YES;
				CURRENT_PROJECT_VERSION = 92;
				DEFINES_MODULE = YES;
				DEVELOPMENT_TEAM = 82P2XLB4UH;
				ENABLE_HARDENED_RUNTIME = YES;
				FRAMEWORK_SEARCH_PATHS = (
					"$(inherited)",
					"$(USER_LIBRARY_DIR)/Developer/Xcode/DerivedData/Amethyst-hayuzxrdmhaqmverzffhmryaexfi/Build/Products/Debug",
					"$(PROJECT_DIR)",
				);
				GCC_PRECOMPILE_PREFIX_HEADER = NO;
				GCC_PREFIX_HEADER = "";
				INFOPLIST_FILE = "Amethyst/Amethyst-Info.plist";
				LD_RUNPATH_SEARCH_PATHS = "$(inherited) @executable_path/../Frameworks";
				MARKETING_VERSION = 0.15.5;
				ONLY_ACTIVE_ARCH = NO;
				OTHER_SWIFT_FLAGS = "$(inherited) \"-D\" \"RELEASE\"";
				PRODUCT_BUNDLE_IDENTIFIER = "com.amethyst.${PRODUCT_NAME:rfc1034identifier}";
				PRODUCT_NAME = "$(TARGET_NAME)";
				PROVISIONING_PROFILE_SPECIFIER = "";
				SWIFT_OBJC_BRIDGING_HEADER = "Amethyst/Amethyst-Bridging-Header.h";
				SWIFT_VERSION = 4.2;
				WRAPPER_EXTENSION = app;
			};
			name = Release;
		};
		40D95B4F1C6E2ED800AAF433 /* Debug */ = {
			isa = XCBuildConfiguration;
			baseConfigurationReference = 5DE30D362838843F0D5EBD1D /* Pods-AmethystTests.debug.xcconfig */;
			buildSettings = {
				BUNDLE_LOADER = "$(TEST_HOST)";
				CLANG_ENABLE_MODULES = YES;
				CLANG_WARN_BOOL_CONVERSION = YES;
				CLANG_WARN_DIRECT_OBJC_ISA_USAGE = YES_ERROR;
				CLANG_WARN_OBJC_ROOT_CLASS = YES_ERROR;
				CLANG_WARN_UNREACHABLE_CODE = YES;
				CODE_SIGN_IDENTITY = "-";
				COMBINE_HIDPI_IMAGES = YES;
				DEBUG_INFORMATION_FORMAT = dwarf;
				DEVELOPMENT_TEAM = "";
				ENABLE_STRICT_OBJC_MSGSEND = YES;
				GCC_NO_COMMON_BLOCKS = YES;
				GCC_WARN_ABOUT_RETURN_TYPE = YES_ERROR;
				GCC_WARN_UNDECLARED_SELECTOR = YES;
				GCC_WARN_UNINITIALIZED_AUTOS = YES_AGGRESSIVE;
				GCC_WARN_UNUSED_FUNCTION = YES;
				INFOPLIST_FILE = AmethystTests/Info.plist;
				MTL_ENABLE_DEBUG_INFO = YES;
				OTHER_SWIFT_FLAGS = "$(inherited)";
				PRODUCT_BUNDLE_IDENTIFIER = com.amethyst.AmethystTests;
				PRODUCT_NAME = "$(TARGET_NAME)";
				SWIFT_OBJC_BRIDGING_HEADER = "AmethystTests/AmethystTests-Bridging-Header.h";
				SWIFT_OPTIMIZATION_LEVEL = "-Onone";
				SWIFT_VERSION = 4.2;
				TEST_HOST = "$(BUILT_PRODUCTS_DIR)/Amethyst.app/Contents/MacOS/Amethyst";
			};
			name = Debug;
		};
		40D95B501C6E2ED800AAF433 /* Release */ = {
			isa = XCBuildConfiguration;
			baseConfigurationReference = 95588BAE5271D12C97C4C8B9 /* Pods-AmethystTests.release.xcconfig */;
			buildSettings = {
				BUNDLE_LOADER = "$(TEST_HOST)";
				CLANG_ENABLE_MODULES = YES;
				CLANG_WARN_BOOL_CONVERSION = YES;
				CLANG_WARN_DIRECT_OBJC_ISA_USAGE = YES_ERROR;
				CLANG_WARN_OBJC_ROOT_CLASS = YES_ERROR;
				CLANG_WARN_UNREACHABLE_CODE = YES;
				CODE_SIGN_IDENTITY = "-";
				COMBINE_HIDPI_IMAGES = YES;
				COPY_PHASE_STRIP = NO;
				DEVELOPMENT_TEAM = "";
				ENABLE_NS_ASSERTIONS = NO;
				ENABLE_STRICT_OBJC_MSGSEND = YES;
				GCC_NO_COMMON_BLOCKS = YES;
				GCC_WARN_ABOUT_RETURN_TYPE = YES_ERROR;
				GCC_WARN_UNDECLARED_SELECTOR = YES;
				GCC_WARN_UNINITIALIZED_AUTOS = YES_AGGRESSIVE;
				GCC_WARN_UNUSED_FUNCTION = YES;
				INFOPLIST_FILE = AmethystTests/Info.plist;
				MTL_ENABLE_DEBUG_INFO = NO;
				OTHER_SWIFT_FLAGS = "$(inherited)";
				PRODUCT_BUNDLE_IDENTIFIER = com.amethyst.AmethystTests;
				PRODUCT_NAME = "$(TARGET_NAME)";
				SWIFT_OBJC_BRIDGING_HEADER = "AmethystTests/AmethystTests-Bridging-Header.h";
				SWIFT_VERSION = 4.2;
				TEST_HOST = "$(BUILT_PRODUCTS_DIR)/Amethyst.app/Contents/MacOS/Amethyst";
			};
			name = Release;
		};
/* End XCBuildConfiguration section */

/* Begin XCConfigurationList section */
		402DB6D91742E41A00D1C936 /* Build configuration list for PBXProject "Amethyst" */ = {
			isa = XCConfigurationList;
			buildConfigurations = (
				402DB6F91742E41A00D1C936 /* Debug */,
				402DB6FA1742E41A00D1C936 /* Release */,
			);
			defaultConfigurationIsVisible = 0;
			defaultConfigurationName = Release;
		};
		402DB6FB1742E41A00D1C936 /* Build configuration list for PBXNativeTarget "Amethyst" */ = {
			isa = XCConfigurationList;
			buildConfigurations = (
				402DB6FC1742E41A00D1C936 /* Debug */,
				402DB6FD1742E41A00D1C936 /* Release */,
			);
			defaultConfigurationIsVisible = 0;
			defaultConfigurationName = Release;
		};
		40D95B4E1C6E2ED800AAF433 /* Build configuration list for PBXNativeTarget "AmethystTests" */ = {
			isa = XCConfigurationList;
			buildConfigurations = (
				40D95B4F1C6E2ED800AAF433 /* Debug */,
				40D95B501C6E2ED800AAF433 /* Release */,
			);
			defaultConfigurationIsVisible = 0;
			defaultConfigurationName = Release;
		};
/* End XCConfigurationList section */
	};
	rootObject = 402DB6D61742E41A00D1C936 /* Project object */;
}
